{
  "version": 4,
  "terraform_version": "1.5.2",
  "serial": 211,
  "lineage": "659eec24-f3f1-2d7a-0c38-4023afdae0b0",
  "outputs": {
    "op": {
      "value": {
        "cloud-nat": {
          "cloud-nat": {
            "drain_nat_ips": null,
            "enable_dynamic_port_allocation": false,
            "enable_endpoint_independent_mapping": true,
            "icmp_idle_timeout_sec": 30,
            "id": "terraform-practice-392512/asia-south1/pvt-router-test/pvt-nat-test",
            "log_config": [],
            "max_ports_per_vm": 0,
            "min_ports_per_vm": 0,
            "name": "pvt-nat-test",
            "nat_ip_allocate_option": "AUTO_ONLY",
            "nat_ips": null,
            "project": "terraform-practice-392512",
            "region": "asia-south1",
            "router": "pvt-router-test",
            "rules": [],
            "source_subnetwork_ip_ranges_to_nat": "ALL_SUBNETWORKS_ALL_IP_RANGES",
            "subnetwork": [],
            "tcp_established_idle_timeout_sec": 1200,
            "tcp_time_wait_timeout_sec": 120,
            "tcp_transitory_idle_timeout_sec": 30,
            "timeouts": null,
            "udp_idle_timeout_sec": 30
          }
        },
        "loadbalancer": {
          "externel_ip": {
            "address": "34.111.119.217",
            "address_type": "EXTERNAL",
            "creation_timestamp": "2023-09-06T04:20:46.478-07:00",
            "description": "",
            "id": "projects/terraform-practice-392512/global/addresses/lb-static-ip",
            "ip_version": "",
            "name": "lb-static-ip",
            "network": "",
            "prefix_length": 0,
            "project": "terraform-practice-392512",
            "purpose": "",
            "self_link": "https://www.googleapis.com/compute/v1/projects/terraform-practice-392512/global/addresses/lb-static-ip",
            "timeouts": null
          }
        },
        "mig": {
          "mig": {
            "auto_healing_policies": [],
            "base_instance_name": "vm",
            "description": "",
            "fingerprint": "4QtifHx83dI=",
            "id": "projects/terraform-practice-392512/zones/asia-south1-a/instanceGroupManagers/mig-custom",
            "instance_group": "https://www.googleapis.com/compute/v1/projects/terraform-practice-392512/zones/asia-south1-a/instanceGroups/mig-custom",
            "list_managed_instances_results": "PAGELESS",
            "name": "mig-custom",
            "named_port": [
              {
                "name": "http",
                "port": 80
              }
            ],
            "operation": null,
            "project": "terraform-practice-392512",
            "self_link": "https://www.googleapis.com/compute/v1/projects/terraform-practice-392512/zones/asia-south1-a/instanceGroupManagers/mig-custom",
            "stateful_disk": [],
            "status": [
              {
                "is_stable": false,
                "stateful": [
                  {
                    "has_stateful_config": false,
                    "per_instance_configs": [
                      {
                        "all_effective": true
                      }
                    ]
                  }
                ],
                "version_target": [
                  {
                    "is_reached": true
                  }
                ]
              }
            ],
            "target_pools": null,
            "target_size": 2,
            "timeouts": null,
            "update_policy": [
              {
                "max_surge_fixed": 1,
                "max_surge_percent": 0,
                "max_unavailable_fixed": 1,
                "max_unavailable_percent": 0,
                "minimal_action": "REPLACE",
                "most_disruptive_allowed_action": "",
                "replacement_method": "SUBSTITUTE",
                "type": "OPPORTUNISTIC"
              }
            ],
            "version": [
              {
                "instance_template": "https://www.googleapis.com/compute/v1/projects/terraform-practice-392512/global/instanceTemplates/mig-template-custom",
                "name": "primary",
                "target_size": []
              }
            ],
            "wait_for_instances": false,
            "wait_for_instances_status": "STABLE",
            "zone": "asia-south1-a"
          }
        },
        "vpc": {
          "private-subnet": [
            {
              "creation_timestamp": "2023-09-06T04:19:22.277-07:00",
              "description": "",
              "external_ipv6_prefix": "",
              "fingerprint": null,
              "gateway_address": "10.1.0.1",
              "id": "projects/terraform-practice-392512/regions/asia-south1/subnetworks/private-subnet-1",
              "ip_cidr_range": "10.1.0.0/28",
              "ipv6_access_type": "",
              "ipv6_cidr_range": "",
              "log_config": [],
              "name": "private-subnet-1",
              "network": "https://www.googleapis.com/compute/v1/projects/terraform-practice-392512/global/networks/vpc-test",
              "private_ip_google_access": false,
              "private_ipv6_google_access": "DISABLE_GOOGLE_ACCESS",
              "project": "terraform-practice-392512",
              "purpose": "PRIVATE",
              "region": "asia-south1",
              "role": "",
              "secondary_ip_range": [],
              "self_link": "https://www.googleapis.com/compute/v1/projects/terraform-practice-392512/regions/asia-south1/subnetworks/private-subnet-1",
              "stack_type": "IPV4_ONLY",
              "timeouts": null
            },
            {
              "creation_timestamp": "2023-09-06T04:19:21.884-07:00",
              "description": "",
              "external_ipv6_prefix": "",
              "fingerprint": null,
              "gateway_address": "10.1.0.17",
              "id": "projects/terraform-practice-392512/regions/asia-south1/subnetworks/private-subnet-2",
              "ip_cidr_range": "10.1.0.16/28",
              "ipv6_access_type": "",
              "ipv6_cidr_range": "",
              "log_config": [],
              "name": "private-subnet-2",
              "network": "https://www.googleapis.com/compute/v1/projects/terraform-practice-392512/global/networks/vpc-test",
              "private_ip_google_access": false,
              "private_ipv6_google_access": "DISABLE_GOOGLE_ACCESS",
              "project": "terraform-practice-392512",
              "purpose": "PRIVATE",
              "region": "asia-south1",
              "role": "",
              "secondary_ip_range": [],
              "self_link": "https://www.googleapis.com/compute/v1/projects/terraform-practice-392512/regions/asia-south1/subnetworks/private-subnet-2",
              "stack_type": "IPV4_ONLY",
              "timeouts": null
            }
          ],
          "public-subnet": [
            {
              "creation_timestamp": "2023-09-06T04:19:18.251-07:00",
              "description": "",
              "external_ipv6_prefix": "",
              "fingerprint": null,
              "gateway_address": "10.0.0.1",
              "id": "projects/terraform-practice-392512/regions/us-central1/subnetworks/pub-subnet-1",
              "ip_cidr_range": "10.0.0.0/24",
              "ipv6_access_type": "",
              "ipv6_cidr_range": "",
              "log_config": [],
              "name": "pub-subnet-1",
              "network": "https://www.googleapis.com/compute/v1/projects/terraform-practice-392512/global/networks/vpc-test",
              "private_ip_google_access": false,
              "private_ipv6_google_access": "DISABLE_GOOGLE_ACCESS",
              "project": "terraform-practice-392512",
              "purpose": "PRIVATE",
              "region": "us-central1",
              "role": "",
              "secondary_ip_range": [],
              "self_link": "https://www.googleapis.com/compute/v1/projects/terraform-practice-392512/regions/us-central1/subnetworks/pub-subnet-1",
              "stack_type": "IPV4_ONLY",
              "timeouts": null
            },
            {
              "creation_timestamp": "2023-09-06T04:19:19.237-07:00",
              "description": "",
              "external_ipv6_prefix": "",
              "fingerprint": null,
              "gateway_address": "10.0.1.1",
              "id": "projects/terraform-practice-392512/regions/us-central1/subnetworks/pub-subnet-2",
              "ip_cidr_range": "10.0.1.0/24",
              "ipv6_access_type": "",
              "ipv6_cidr_range": "",
              "log_config": [],
              "name": "pub-subnet-2",
              "network": "https://www.googleapis.com/compute/v1/projects/terraform-practice-392512/global/networks/vpc-test",
              "private_ip_google_access": false,
              "private_ipv6_google_access": "DISABLE_GOOGLE_ACCESS",
              "project": "terraform-practice-392512",
              "purpose": "PRIVATE",
              "region": "us-central1",
              "role": "",
              "secondary_ip_range": [],
              "self_link": "https://www.googleapis.com/compute/v1/projects/terraform-practice-392512/regions/us-central1/subnetworks/pub-subnet-2",
              "stack_type": "IPV4_ONLY",
              "timeouts": null
            }
          ],
          "vpc": {
            "auto_create_subnetworks": false,
            "delete_default_routes_on_create": false,
            "description": "",
            "enable_ula_internal_ipv6": false,
            "gateway_ipv4": "",
            "id": "projects/terraform-practice-392512/global/networks/vpc-test",
            "internal_ipv6_range": "",
            "mtu": 1460,
            "name": "vpc-test",
            "project": "terraform-practice-392512",
            "routing_mode": "REGIONAL",
            "self_link": "https://www.googleapis.com/compute/v1/projects/terraform-practice-392512/global/networks/vpc-test",
            "timeouts": null
          }
        }
      },
      "type": [
        "object",
        {
          "cloud-nat": [
            "object",
            {
              "cloud-nat": [
                "object",
                {
                  "drain_nat_ips": [
                    "set",
                    "string"
                  ],
                  "enable_dynamic_port_allocation": "bool",
                  "enable_endpoint_independent_mapping": "bool",
                  "icmp_idle_timeout_sec": "number",
                  "id": "string",
                  "log_config": [
                    "list",
                    [
                      "object",
                      {
                        "enable": "bool",
                        "filter": "string"
                      }
                    ]
                  ],
                  "max_ports_per_vm": "number",
                  "min_ports_per_vm": "number",
                  "name": "string",
                  "nat_ip_allocate_option": "string",
                  "nat_ips": [
                    "set",
                    "string"
                  ],
                  "project": "string",
                  "region": "string",
                  "router": "string",
                  "rules": [
                    "set",
                    [
                      "object",
                      {
                        "action": [
                          "list",
                          [
                            "object",
                            {
                              "source_nat_active_ips": [
                                "set",
                                "string"
                              ],
                              "source_nat_drain_ips": [
                                "set",
                                "string"
                              ]
                            }
                          ]
                        ],
                        "description": "string",
                        "match": "string",
                        "rule_number": "number"
                      }
                    ]
                  ],
                  "source_subnetwork_ip_ranges_to_nat": "string",
                  "subnetwork": [
                    "set",
                    [
                      "object",
                      {
                        "name": "string",
                        "secondary_ip_range_names": [
                          "set",
                          "string"
                        ],
                        "source_ip_ranges_to_nat": [
                          "set",
                          "string"
                        ]
                      }
                    ]
                  ],
                  "tcp_established_idle_timeout_sec": "number",
                  "tcp_time_wait_timeout_sec": "number",
                  "tcp_transitory_idle_timeout_sec": "number",
                  "timeouts": [
                    "object",
                    {
                      "create": "string",
                      "delete": "string",
                      "update": "string"
                    }
                  ],
                  "udp_idle_timeout_sec": "number"
                }
              ]
            }
          ],
          "loadbalancer": [
            "object",
            {
              "externel_ip": [
                "object",
                {
                  "address": "string",
                  "address_type": "string",
                  "creation_timestamp": "string",
                  "description": "string",
                  "id": "string",
                  "ip_version": "string",
                  "name": "string",
                  "network": "string",
                  "prefix_length": "number",
                  "project": "string",
                  "purpose": "string",
                  "self_link": "string",
                  "timeouts": [
                    "object",
                    {
                      "create": "string",
                      "delete": "string"
                    }
                  ]
                }
              ]
            }
          ],
          "mig": [
            "object",
            {
              "mig": [
                "object",
                {
                  "auto_healing_policies": [
                    "list",
                    [
                      "object",
                      {
                        "health_check": "string",
                        "initial_delay_sec": "number"
                      }
                    ]
                  ],
                  "base_instance_name": "string",
                  "description": "string",
                  "fingerprint": "string",
                  "id": "string",
                  "instance_group": "string",
                  "list_managed_instances_results": "string",
                  "name": "string",
                  "named_port": [
                    "set",
                    [
                      "object",
                      {
                        "name": "string",
                        "port": "number"
                      }
                    ]
                  ],
                  "operation": "string",
                  "project": "string",
                  "self_link": "string",
                  "stateful_disk": [
                    "set",
                    [
                      "object",
                      {
                        "delete_rule": "string",
                        "device_name": "string"
                      }
                    ]
                  ],
                  "status": [
                    "list",
                    [
                      "object",
                      {
                        "is_stable": "bool",
                        "stateful": [
                          "list",
                          [
                            "object",
                            {
                              "has_stateful_config": "bool",
                              "per_instance_configs": [
                                "list",
                                [
                                  "object",
                                  {
                                    "all_effective": "bool"
                                  }
                                ]
                              ]
                            }
                          ]
                        ],
                        "version_target": [
                          "list",
                          [
                            "object",
                            {
                              "is_reached": "bool"
                            }
                          ]
                        ]
                      }
                    ]
                  ],
                  "target_pools": [
                    "set",
                    "string"
                  ],
                  "target_size": "number",
                  "timeouts": [
                    "object",
                    {
                      "create": "string",
                      "delete": "string",
                      "update": "string"
                    }
                  ],
                  "update_policy": [
                    "list",
                    [
                      "object",
                      {
                        "max_surge_fixed": "number",
                        "max_surge_percent": "number",
                        "max_unavailable_fixed": "number",
                        "max_unavailable_percent": "number",
                        "minimal_action": "string",
                        "most_disruptive_allowed_action": "string",
                        "replacement_method": "string",
                        "type": "string"
                      }
                    ]
                  ],
                  "version": [
                    "list",
                    [
                      "object",
                      {
                        "instance_template": "string",
                        "name": "string",
                        "target_size": [
                          "list",
                          [
                            "object",
                            {
                              "fixed": "number",
                              "percent": "number"
                            }
                          ]
                        ]
                      }
                    ]
                  ],
                  "wait_for_instances": "bool",
                  "wait_for_instances_status": "string",
                  "zone": "string"
                }
              ]
            }
          ],
          "vpc": [
            "object",
            {
              "private-subnet": [
                "tuple",
                [
                  [
                    "object",
                    {
                      "creation_timestamp": "string",
                      "description": "string",
                      "external_ipv6_prefix": "string",
                      "fingerprint": "string",
                      "gateway_address": "string",
                      "id": "string",
                      "ip_cidr_range": "string",
                      "ipv6_access_type": "string",
                      "ipv6_cidr_range": "string",
                      "log_config": [
                        "list",
                        [
                          "object",
                          {
                            "aggregation_interval": "string",
                            "filter_expr": "string",
                            "flow_sampling": "number",
                            "metadata": "string",
                            "metadata_fields": [
                              "set",
                              "string"
                            ]
                          }
                        ]
                      ],
                      "name": "string",
                      "network": "string",
                      "private_ip_google_access": "bool",
                      "private_ipv6_google_access": "string",
                      "project": "string",
                      "purpose": "string",
                      "region": "string",
                      "role": "string",
                      "secondary_ip_range": [
                        "list",
                        [
                          "object",
                          {
                            "ip_cidr_range": "string",
                            "range_name": "string"
                          }
                        ]
                      ],
                      "self_link": "string",
                      "stack_type": "string",
                      "timeouts": [
                        "object",
                        {
                          "create": "string",
                          "delete": "string",
                          "update": "string"
                        }
                      ]
                    }
                  ],
                  [
                    "object",
                    {
                      "creation_timestamp": "string",
                      "description": "string",
                      "external_ipv6_prefix": "string",
                      "fingerprint": "string",
                      "gateway_address": "string",
                      "id": "string",
                      "ip_cidr_range": "string",
                      "ipv6_access_type": "string",
                      "ipv6_cidr_range": "string",
                      "log_config": [
                        "list",
                        [
                          "object",
                          {
                            "aggregation_interval": "string",
                            "filter_expr": "string",
                            "flow_sampling": "number",
                            "metadata": "string",
                            "metadata_fields": [
                              "set",
                              "string"
                            ]
                          }
                        ]
                      ],
                      "name": "string",
                      "network": "string",
                      "private_ip_google_access": "bool",
                      "private_ipv6_google_access": "string",
                      "project": "string",
                      "purpose": "string",
                      "region": "string",
                      "role": "string",
                      "secondary_ip_range": [
                        "list",
                        [
                          "object",
                          {
                            "ip_cidr_range": "string",
                            "range_name": "string"
                          }
                        ]
                      ],
                      "self_link": "string",
                      "stack_type": "string",
                      "timeouts": [
                        "object",
                        {
                          "create": "string",
                          "delete": "string",
                          "update": "string"
                        }
                      ]
                    }
                  ]
                ]
              ],
              "public-subnet": [
                "tuple",
                [
                  [
                    "object",
                    {
                      "creation_timestamp": "string",
                      "description": "string",
                      "external_ipv6_prefix": "string",
                      "fingerprint": "string",
                      "gateway_address": "string",
                      "id": "string",
                      "ip_cidr_range": "string",
                      "ipv6_access_type": "string",
                      "ipv6_cidr_range": "string",
                      "log_config": [
                        "list",
                        [
                          "object",
                          {
                            "aggregation_interval": "string",
                            "filter_expr": "string",
                            "flow_sampling": "number",
                            "metadata": "string",
                            "metadata_fields": [
                              "set",
                              "string"
                            ]
                          }
                        ]
                      ],
                      "name": "string",
                      "network": "string",
                      "private_ip_google_access": "bool",
                      "private_ipv6_google_access": "string",
                      "project": "string",
                      "purpose": "string",
                      "region": "string",
                      "role": "string",
                      "secondary_ip_range": [
                        "list",
                        [
                          "object",
                          {
                            "ip_cidr_range": "string",
                            "range_name": "string"
                          }
                        ]
                      ],
                      "self_link": "string",
                      "stack_type": "string",
                      "timeouts": [
                        "object",
                        {
                          "create": "string",
                          "delete": "string",
                          "update": "string"
                        }
                      ]
                    }
                  ],
                  [
                    "object",
                    {
                      "creation_timestamp": "string",
                      "description": "string",
                      "external_ipv6_prefix": "string",
                      "fingerprint": "string",
                      "gateway_address": "string",
                      "id": "string",
                      "ip_cidr_range": "string",
                      "ipv6_access_type": "string",
                      "ipv6_cidr_range": "string",
                      "log_config": [
                        "list",
                        [
                          "object",
                          {
                            "aggregation_interval": "string",
                            "filter_expr": "string",
                            "flow_sampling": "number",
                            "metadata": "string",
                            "metadata_fields": [
                              "set",
                              "string"
                            ]
                          }
                        ]
                      ],
                      "name": "string",
                      "network": "string",
                      "private_ip_google_access": "bool",
                      "private_ipv6_google_access": "string",
                      "project": "string",
                      "purpose": "string",
                      "region": "string",
                      "role": "string",
                      "secondary_ip_range": [
                        "list",
                        [
                          "object",
                          {
                            "ip_cidr_range": "string",
                            "range_name": "string"
                          }
                        ]
                      ],
                      "self_link": "string",
                      "stack_type": "string",
                      "timeouts": [
                        "object",
                        {
                          "create": "string",
                          "delete": "string",
                          "update": "string"
                        }
                      ]
                    }
                  ]
                ]
              ],
              "vpc": [
                "object",
                {
                  "auto_create_subnetworks": "bool",
                  "delete_default_routes_on_create": "bool",
                  "description": "string",
                  "enable_ula_internal_ipv6": "bool",
                  "gateway_ipv4": "string",
                  "id": "string",
                  "internal_ipv6_range": "string",
                  "mtu": "number",
                  "name": "string",
                  "project": "string",
                  "routing_mode": "string",
                  "self_link": "string",
                  "timeouts": [
                    "object",
                    {
                      "create": "string",
                      "delete": "string",
                      "update": "string"
                    }
                  ]
                }
              ]
            }
          ]
        }
      ]
    }
  },
  "resources": [
    {
      "module": "module.cloud-nat",
      "mode": "managed",
      "type": "google_compute_router",
      "name": "pvt-router",
      "provider": "provider[\"registry.terraform.io/hashicorp/google\"]",
      "instances": [
        {
          "schema_version": 0,
          "attributes": {
            "bgp": [],
            "creation_timestamp": "2023-09-06T04:19:55.480-07:00",
            "description": "",
            "encrypted_interconnect_router": false,
            "id": "projects/terraform-practice-392512/regions/asia-south1/routers/pvt-router-test",
            "name": "pvt-router-test",
            "network": "https://www.googleapis.com/compute/v1/projects/terraform-practice-392512/global/networks/vpc-test",
            "project": "terraform-practice-392512",
            "region": "asia-south1",
            "self_link": "https://www.googleapis.com/compute/v1/projects/terraform-practice-392512/regions/asia-south1/routers/pvt-router-test",
            "timeouts": null
          },
          "sensitive_attributes": [],
          "private": "eyJlMmJmYjczMC1lY2FhLTExZTYtOGY4OC0zNDM2M2JjN2M0YzAiOnsiY3JlYXRlIjoxMjAwMDAwMDAwMDAwLCJkZWxldGUiOjEyMDAwMDAwMDAwMDAsInVwZGF0ZSI6MTIwMDAwMDAwMDAwMH19",
          "dependencies": [
            "module.vpc.google_compute_firewall.allow-ssh",
            "module.vpc.google_compute_firewall.allow-tcp-pub",
            "module.vpc.google_compute_firewall.default",
            "module.vpc.google_compute_network.vpc",
            "module.vpc.google_compute_subnetwork.private-subnets",
            "module.vpc.google_compute_subnetwork.public-subnets"
          ]
        }
      ]
    },
    {
      "module": "module.cloud-nat",
      "mode": "managed",
      "type": "google_compute_router_nat",
      "name": "pvt-nat",
      "provider": "provider[\"registry.terraform.io/hashicorp/google\"]",
      "instances": [
        {
          "schema_version": 0,
          "attributes": {
            "drain_nat_ips": null,
            "enable_dynamic_port_allocation": false,
            "enable_endpoint_independent_mapping": true,
            "icmp_idle_timeout_sec": 30,
            "id": "terraform-practice-392512/asia-south1/pvt-router-test/pvt-nat-test",
            "log_config": [],
            "max_ports_per_vm": 0,
            "min_ports_per_vm": 0,
            "name": "pvt-nat-test",
            "nat_ip_allocate_option": "AUTO_ONLY",
            "nat_ips": null,
            "project": "terraform-practice-392512",
            "region": "asia-south1",
            "router": "pvt-router-test",
            "rules": [],
            "source_subnetwork_ip_ranges_to_nat": "ALL_SUBNETWORKS_ALL_IP_RANGES",
            "subnetwork": [],
            "tcp_established_idle_timeout_sec": 1200,
            "tcp_time_wait_timeout_sec": 120,
            "tcp_transitory_idle_timeout_sec": 30,
            "timeouts": null,
            "udp_idle_timeout_sec": 30
          },
          "sensitive_attributes": [],
          "private": "eyJlMmJmYjczMC1lY2FhLTExZTYtOGY4OC0zNDM2M2JjN2M0YzAiOnsiY3JlYXRlIjoxMjAwMDAwMDAwMDAwLCJkZWxldGUiOjEyMDAwMDAwMDAwMDAsInVwZGF0ZSI6MTIwMDAwMDAwMDAwMH19",
          "dependencies": [
            "module.cloud-nat.google_compute_router.pvt-router",
            "module.vpc.google_compute_firewall.allow-ssh",
            "module.vpc.google_compute_firewall.allow-tcp-pub",
            "module.vpc.google_compute_firewall.default",
            "module.vpc.google_compute_network.vpc",
            "module.vpc.google_compute_subnetwork.private-subnets",
            "module.vpc.google_compute_subnetwork.public-subnets"
          ]
        }
      ]
    },
    {
      "module": "module.loadbalancer",
      "mode": "managed",
      "type": "google_compute_backend_service",
      "name": "default",
      "provider": "provider[\"registry.terraform.io/hashicorp/google\"]",
      "instances": [
        {
          "schema_version": 1,
          "attributes": {
            "affinity_cookie_ttl_sec": 0,
            "backend": [
              {
                "balancing_mode": "UTILIZATION",
                "capacity_scaler": 1,
                "description": "",
                "group": "https://www.googleapis.com/compute/v1/projects/terraform-practice-392512/zones/asia-south1-a/instanceGroups/mig-custom",
                "max_connections": 0,
                "max_connections_per_endpoint": 0,
                "max_connections_per_instance": 0,
                "max_rate": 0,
                "max_rate_per_endpoint": 0,
                "max_rate_per_instance": 0,
                "max_utilization": 0
              }
            ],
            "cdn_policy": [
              {
                "cache_key_policy": [],
                "cache_mode": "CACHE_ALL_STATIC",
                "client_ttl": 3600,
                "default_ttl": 3600,
                "max_ttl": 86400,
                "negative_caching": true,
                "negative_caching_policy": [],
                "serve_while_stale": 86400,
                "signed_url_cache_max_age_sec": 0
              }
            ],
            "circuit_breakers": [],
            "compression_mode": "",
            "connection_draining_timeout_sec": 300,
            "consistent_hash": [],
            "creation_timestamp": "2023-09-06T04:21:04.724-07:00",
            "custom_request_headers": null,
            "custom_response_headers": null,
            "description": "",
            "edge_security_policy": "",
            "enable_cdn": true,
            "fingerprint": "me62VNsD6Yk=",
            "generated_id": 5709938961918844495,
            "health_checks": [
              "projects/terraform-practice-392512/global/healthChecks/lb-hc"
            ],
            "iap": [],
            "id": "projects/terraform-practice-392512/global/backendServices/lb-backend-service",
            "load_balancing_scheme": "EXTERNAL",
            "locality_lb_policy": "",
            "log_config": [],
            "name": "lb-backend-service",
            "outlier_detection": [],
            "port_name": "http",
            "project": "terraform-practice-392512",
            "protocol": "HTTP",
            "security_policy": "",
            "security_settings": [],
            "self_link": "https://www.googleapis.com/compute/v1/projects/terraform-practice-392512/global/backendServices/lb-backend-service",
            "session_affinity": "NONE",
            "timeout_sec": 10,
            "timeouts": null
          },
          "sensitive_attributes": [],
          "private": "eyJlMmJmYjczMC1lY2FhLTExZTYtOGY4OC0zNDM2M2JjN2M0YzAiOnsiY3JlYXRlIjoxMjAwMDAwMDAwMDAwLCJkZWxldGUiOjEyMDAwMDAwMDAwMDAsInVwZGF0ZSI6MTIwMDAwMDAwMDAwMH0sInNjaGVtYV92ZXJzaW9uIjoiMSJ9",
          "dependencies": [
            "module.loadbalancer.google_compute_health_check.default",
            "module.mig.google_compute_instance_group_manager.mig",
            "module.mig.google_compute_instance_template.mig-instance",
            "module.vpc.google_compute_network.vpc",
            "module.vpc.google_compute_subnetwork.private-subnets",
            "module.vpc.google_compute_subnetwork.public-subnets"
          ]
        }
      ]
    },
    {
      "module": "module.loadbalancer",
      "mode": "managed",
      "type": "google_compute_global_address",
      "name": "default",
      "provider": "provider[\"registry.terraform.io/hashicorp/google\"]",
      "instances": [
        {
          "schema_version": 0,
          "attributes": {
            "address": "34.111.119.217",
            "address_type": "EXTERNAL",
            "creation_timestamp": "2023-09-06T04:20:46.478-07:00",
            "description": "",
            "id": "projects/terraform-practice-392512/global/addresses/lb-static-ip",
            "ip_version": "",
            "name": "lb-static-ip",
            "network": "",
            "prefix_length": 0,
            "project": "terraform-practice-392512",
            "purpose": "",
            "self_link": "https://www.googleapis.com/compute/v1/projects/terraform-practice-392512/global/addresses/lb-static-ip",
            "timeouts": null
          },
          "sensitive_attributes": [],
          "private": "eyJlMmJmYjczMC1lY2FhLTExZTYtOGY4OC0zNDM2M2JjN2M0YzAiOnsiY3JlYXRlIjoxMjAwMDAwMDAwMDAwLCJkZWxldGUiOjEyMDAwMDAwMDAwMDB9fQ==",
          "dependencies": [
            "module.mig.google_compute_instance_group_manager.mig",
            "module.mig.google_compute_instance_template.mig-instance",
            "module.vpc.google_compute_network.vpc",
            "module.vpc.google_compute_subnetwork.private-subnets",
            "module.vpc.google_compute_subnetwork.public-subnets"
          ]
        }
      ]
    },
    {
      "module": "module.loadbalancer",
      "mode": "managed",
      "type": "google_compute_global_forwarding_rule",
      "name": "default",
      "provider": "provider[\"registry.terraform.io/hashicorp/google\"]",
      "instances": [
        {
          "schema_version": 0,
          "attributes": {
            "description": "",
            "id": "projects/terraform-practice-392512/global/forwardingRules/lb-forwarding-rule",
            "ip_address": "projects/terraform-practice-392512/global/addresses/lb-static-ip",
            "ip_protocol": "TCP",
            "ip_version": "",
            "label_fingerprint": "42WmSpB8rSM=",
            "labels": null,
            "load_balancing_scheme": "EXTERNAL",
            "metadata_filters": [],
            "name": "lb-forwarding-rule",
            "network": "",
            "port_range": "80",
            "project": "terraform-practice-392512",
            "psc_connection_id": "",
            "psc_connection_status": "",
            "self_link": "https://www.googleapis.com/compute/v1/projects/terraform-practice-392512/global/forwardingRules/lb-forwarding-rule",
            "target": "projects/terraform-practice-392512/global/targetHttpProxies/lb-target-http-proxy",
            "timeouts": null
          },
          "sensitive_attributes": [],
          "private": "eyJlMmJmYjczMC1lY2FhLTExZTYtOGY4OC0zNDM2M2JjN2M0YzAiOnsiY3JlYXRlIjoxMjAwMDAwMDAwMDAwLCJkZWxldGUiOjEyMDAwMDAwMDAwMDAsInVwZGF0ZSI6MTIwMDAwMDAwMDAwMH19",
          "dependencies": [
            "module.loadbalancer.google_compute_backend_service.default",
            "module.loadbalancer.google_compute_global_address.default",
            "module.loadbalancer.google_compute_health_check.default",
            "module.loadbalancer.google_compute_target_http_proxy.default",
            "module.loadbalancer.google_compute_url_map.default",
            "module.mig.google_compute_instance_group_manager.mig",
            "module.mig.google_compute_instance_template.mig-instance",
            "module.vpc.google_compute_network.vpc",
            "module.vpc.google_compute_subnetwork.private-subnets",
            "module.vpc.google_compute_subnetwork.public-subnets"
          ]
        }
      ]
    },
    {
      "module": "module.loadbalancer",
      "mode": "managed",
      "type": "google_compute_health_check",
      "name": "default",
      "provider": "provider[\"registry.terraform.io/hashicorp/google\"]",
      "instances": [
        {
          "schema_version": 0,
          "attributes": {
            "check_interval_sec": 5,
            "creation_timestamp": "2023-09-06T04:20:46.388-07:00",
            "description": "",
            "grpc_health_check": [],
            "healthy_threshold": 2,
            "http2_health_check": [],
            "http_health_check": [
              {
                "host": "",
                "port": 0,
                "port_name": "",
                "port_specification": "USE_SERVING_PORT",
                "proxy_header": "NONE",
                "request_path": "/",
                "response": ""
              }
            ],
            "https_health_check": [],
            "id": "projects/terraform-practice-392512/global/healthChecks/lb-hc",
            "log_config": [
              {
                "enable": false
              }
            ],
            "name": "lb-hc",
            "project": "terraform-practice-392512",
            "self_link": "https://www.googleapis.com/compute/v1/projects/terraform-practice-392512/global/healthChecks/lb-hc",
            "ssl_health_check": [],
            "tcp_health_check": [],
            "timeout_sec": 5,
            "timeouts": null,
            "type": "HTTP",
            "unhealthy_threshold": 2
          },
          "sensitive_attributes": [],
          "private": "eyJlMmJmYjczMC1lY2FhLTExZTYtOGY4OC0zNDM2M2JjN2M0YzAiOnsiY3JlYXRlIjoxMjAwMDAwMDAwMDAwLCJkZWxldGUiOjEyMDAwMDAwMDAwMDAsInVwZGF0ZSI6MTIwMDAwMDAwMDAwMH19",
          "dependencies": [
            "module.mig.google_compute_instance_group_manager.mig",
            "module.mig.google_compute_instance_template.mig-instance",
            "module.vpc.google_compute_network.vpc",
            "module.vpc.google_compute_subnetwork.private-subnets",
            "module.vpc.google_compute_subnetwork.public-subnets"
          ]
        }
      ]
    },
    {
      "module": "module.loadbalancer",
      "mode": "managed",
      "type": "google_compute_target_http_proxy",
      "name": "default",
      "provider": "provider[\"registry.terraform.io/hashicorp/google\"]",
      "instances": [
        {
          "schema_version": 0,
          "attributes": {
            "creation_timestamp": "2023-09-06T04:21:50.802-07:00",
            "description": "",
            "id": "projects/terraform-practice-392512/global/targetHttpProxies/lb-target-http-proxy",
            "name": "lb-target-http-proxy",
            "project": "terraform-practice-392512",
            "proxy_bind": false,
            "proxy_id": 3353343028542955041,
            "self_link": "https://www.googleapis.com/compute/v1/projects/terraform-practice-392512/global/targetHttpProxies/lb-target-http-proxy",
            "timeouts": null,
            "url_map": "https://www.googleapis.com/compute/v1/projects/terraform-practice-392512/global/urlMaps/lb-url-map"
          },
          "sensitive_attributes": [],
          "private": "eyJlMmJmYjczMC1lY2FhLTExZTYtOGY4OC0zNDM2M2JjN2M0YzAiOnsiY3JlYXRlIjoxMjAwMDAwMDAwMDAwLCJkZWxldGUiOjEyMDAwMDAwMDAwMDAsInVwZGF0ZSI6MTIwMDAwMDAwMDAwMH19",
          "dependencies": [
            "module.loadbalancer.google_compute_backend_service.default",
            "module.loadbalancer.google_compute_health_check.default",
            "module.loadbalancer.google_compute_url_map.default",
            "module.mig.google_compute_instance_group_manager.mig",
            "module.mig.google_compute_instance_template.mig-instance",
            "module.vpc.google_compute_network.vpc",
            "module.vpc.google_compute_subnetwork.private-subnets",
            "module.vpc.google_compute_subnetwork.public-subnets"
          ]
        }
      ]
    },
    {
      "module": "module.loadbalancer",
      "mode": "managed",
      "type": "google_compute_url_map",
      "name": "default",
      "provider": "provider[\"registry.terraform.io/hashicorp/google\"]",
      "instances": [
        {
          "schema_version": 0,
          "attributes": {
            "creation_timestamp": "2023-09-06T04:21:38.367-07:00",
            "default_route_action": [],
            "default_service": "https://www.googleapis.com/compute/v1/projects/terraform-practice-392512/global/backendServices/lb-backend-service",
            "default_url_redirect": [],
            "description": "",
            "fingerprint": "CB1z9kArXTU=",
            "header_action": [],
            "host_rule": [],
            "id": "projects/terraform-practice-392512/global/urlMaps/lb-url-map",
            "map_id": 7247854411451850285,
            "name": "lb-url-map",
            "path_matcher": [],
            "project": "terraform-practice-392512",
            "self_link": "https://www.googleapis.com/compute/v1/projects/terraform-practice-392512/global/urlMaps/lb-url-map",
            "test": [],
            "timeouts": null
          },
          "sensitive_attributes": [],
          "private": "eyJlMmJmYjczMC1lY2FhLTExZTYtOGY4OC0zNDM2M2JjN2M0YzAiOnsiY3JlYXRlIjoxMjAwMDAwMDAwMDAwLCJkZWxldGUiOjEyMDAwMDAwMDAwMDAsInVwZGF0ZSI6MTIwMDAwMDAwMDAwMH19",
          "dependencies": [
            "module.loadbalancer.google_compute_backend_service.default",
            "module.loadbalancer.google_compute_health_check.default",
            "module.mig.google_compute_instance_group_manager.mig",
            "module.mig.google_compute_instance_template.mig-instance",
            "module.vpc.google_compute_network.vpc",
            "module.vpc.google_compute_subnetwork.private-subnets",
            "module.vpc.google_compute_subnetwork.public-subnets"
          ]
        }
      ]
    },
    {
      "module": "module.mig",
      "mode": "managed",
      "type": "google_compute_instance_group_manager",
      "name": "mig",
      "provider": "provider[\"registry.terraform.io/hashicorp/google\"]",
      "instances": [
        {
          "schema_version": 0,
          "attributes": {
            "auto_healing_policies": [],
            "base_instance_name": "vm",
            "description": "",
            "fingerprint": "4QtifHx83dI=",
            "id": "projects/terraform-practice-392512/zones/asia-south1-a/instanceGroupManagers/mig-custom",
            "instance_group": "https://www.googleapis.com/compute/v1/projects/terraform-practice-392512/zones/asia-south1-a/instanceGroups/mig-custom",
            "list_managed_instances_results": "PAGELESS",
            "name": "mig-custom",
            "named_port": [
              {
                "name": "http",
                "port": 80
              }
            ],
            "operation": null,
            "project": "terraform-practice-392512",
            "self_link": "https://www.googleapis.com/compute/v1/projects/terraform-practice-392512/zones/asia-south1-a/instanceGroupManagers/mig-custom",
            "stateful_disk": [],
            "status": [
              {
                "is_stable": false,
                "stateful": [
                  {
                    "has_stateful_config": false,
                    "per_instance_configs": [
                      {
                        "all_effective": true
                      }
                    ]
                  }
                ],
                "version_target": [
                  {
                    "is_reached": true
                  }
                ]
              }
            ],
            "target_pools": null,
            "target_size": 2,
            "timeouts": null,
            "update_policy": [
              {
                "max_surge_fixed": 1,
                "max_surge_percent": 0,
                "max_unavailable_fixed": 1,
                "max_unavailable_percent": 0,
                "minimal_action": "REPLACE",
                "most_disruptive_allowed_action": "",
                "replacement_method": "SUBSTITUTE",
                "type": "OPPORTUNISTIC"
              }
            ],
            "version": [
              {
                "instance_template": "https://www.googleapis.com/compute/v1/projects/terraform-practice-392512/global/instanceTemplates/mig-template-custom",
                "name": "primary",
                "target_size": []
              }
            ],
            "wait_for_instances": false,
            "wait_for_instances_status": "STABLE",
            "zone": "asia-south1-a"
          },
          "sensitive_attributes": [],
          "private": "eyJlMmJmYjczMC1lY2FhLTExZTYtOGY4OC0zNDM2M2JjN2M0YzAiOnsiY3JlYXRlIjo5MDAwMDAwMDAwMDAsImRlbGV0ZSI6OTAwMDAwMDAwMDAwLCJ1cGRhdGUiOjkwMDAwMDAwMDAwMH19",
          "dependencies": [
            "module.mig.google_compute_instance_template.mig-instance",
            "module.vpc.google_compute_network.vpc",
            "module.vpc.google_compute_subnetwork.private-subnets",
            "module.vpc.google_compute_subnetwork.public-subnets"
          ]
        }
      ]
    },
    {
      "module": "module.mig",
      "mode": "managed",
      "type": "google_compute_instance_template",
      "name": "mig-instance",
      "provider": "provider[\"registry.terraform.io/hashicorp/google\"]",
      "instances": [
        {
          "schema_version": 1,
          "attributes": {
            "advanced_machine_features": [],
            "can_ip_forward": false,
            "confidential_instance_config": null,
            "description": "",
            "disk": [
              {
                "auto_delete": true,
                "boot": true,
                "device_name": "persistent-disk-0",
                "disk_encryption_key": [],
                "disk_name": "",
                "disk_size_gb": 0,
                "disk_type": "pd-standard",
                "interface": "SCSI",
                "labels": null,
                "mode": "READ_WRITE",
                "resource_policies": null,
                "source": "",
                "source_image": "projects/debian-cloud/global/images/family/debian-10",
                "source_image_encryption_key": [],
                "source_snapshot": "",
                "source_snapshot_encryption_key": [],
                "type": "PERSISTENT"
              }
            ],
            "guest_accelerator": [],
            "id": "projects/terraform-practice-392512/global/instanceTemplates/mig-template-custom",
            "instance_description": "",
            "labels": null,
            "machine_type": "e2-small",
            "metadata": {
              "startup-script": "#! /bin/sh\r\n\r\nsudo apt-get install -y apache2\r\nsudo apt-get install -y jq\r\nNAME=$(curl -H \"Metadata-Flavor: Google\" \"http://metadata.google.internal/computeMetadata/v1/instance/hostname\")\r\nIP=$(curl -H \"Metadata-Flavor: Google\" \"http://metadata.google.internal/computeMetadata/v1/instance/network-interfaces/0/ip\")\r\nMETADATA=$(curl -f -H \"Metadata-Flavor: Google\" \"http://metadata.google.internal/computeMetadata/v1/instance/attributes/?recursive=True\" | jq 'del(.[\"startup-script\"])')\r\n\r\nsudo cat \u003c\u003cEOF \u003e /var/www/html/index.html\r\n\u003cpre\u003e\r\nName: $NAME\r\nIP: $IP\r\nMetadata: $METADATA\r\n\u003c/pre\u003e\r\nEOF\r\n"
            },
            "metadata_fingerprint": "jK8qRv0mahA=",
            "metadata_startup_script": null,
            "min_cpu_platform": "",
            "name": "mig-template-custom",
            "name_prefix": null,
            "network_interface": [
              {
                "access_config": [],
                "alias_ip_range": [],
                "ipv6_access_config": [],
                "ipv6_access_type": "",
                "name": "nic0",
                "network": "https://www.googleapis.com/compute/v1/projects/terraform-practice-392512/global/networks/vpc-test",
                "network_ip": "",
                "nic_type": "",
                "queue_count": 0,
                "stack_type": "",
                "subnetwork": "https://www.googleapis.com/compute/v1/projects/terraform-practice-392512/regions/asia-south1/subnetworks/private-subnet-1",
                "subnetwork_project": "terraform-practice-392512"
              }
            ],
            "project": "terraform-practice-392512",
            "region": "asia-south1",
            "reservation_affinity": [],
            "scheduling": [
              {
                "automatic_restart": true,
                "instance_termination_action": "",
                "min_node_cpus": 0,
                "node_affinities": [],
                "on_host_maintenance": "MIGRATE",
                "preemptible": false,
                "provisioning_model": "STANDARD"
              }
            ],
            "self_link": "https://www.googleapis.com/compute/v1/projects/terraform-practice-392512/global/instanceTemplates/mig-template-custom",
            "service_account": [],
            "shielded_instance_config": [],
            "tags": [
              "allow-health-check",
              "pub"
            ],
            "tags_fingerprint": "",
            "timeouts": null
          },
          "sensitive_attributes": [],
          "private": "eyJlMmJmYjczMC1lY2FhLTExZTYtOGY4OC0zNDM2M2JjN2M0YzAiOnsiY3JlYXRlIjoyNDAwMDAwMDAwMDAsImRlbGV0ZSI6MjQwMDAwMDAwMDAwfSwic2NoZW1hX3ZlcnNpb24iOiIxIn0=",
          "dependencies": [
            "module.vpc.google_compute_network.vpc",
            "module.vpc.google_compute_subnetwork.private-subnets",
            "module.vpc.google_compute_subnetwork.public-subnets"
          ],
          "create_before_destroy": true
        }
      ]
    },
    {
      "module": "module.vpc",
      "mode": "managed",
      "type": "google_compute_firewall",
      "name": "allow-ssh",
      "provider": "module.vpc.provider[\"registry.terraform.io/hashicorp/google\"]",
      "instances": [
        {
          "schema_version": 1,
          "attributes": {
            "allow": [
              {
                "ports": [
                  "22"
                ],
                "protocol": "tcp"
              }
            ],
            "creation_timestamp": "2023-09-06T04:19:18.030-07:00",
            "deny": [],
            "description": "",
            "destination_ranges": [],
            "direction": "INGRESS",
            "disabled": false,
            "enable_logging": null,
            "id": "projects/terraform-practice-392512/global/firewalls/allow-ssh",
            "log_config": [],
            "name": "allow-ssh",
            "network": "https://www.googleapis.com/compute/v1/projects/terraform-practice-392512/global/networks/vpc-test",
            "priority": 1000,
            "project": "terraform-practice-392512",
            "self_link": "https://www.googleapis.com/compute/v1/projects/terraform-practice-392512/global/firewalls/allow-ssh",
            "source_ranges": [
              "0.0.0.0/0"
            ],
            "source_service_accounts": null,
            "source_tags": null,
            "target_service_accounts": null,
            "target_tags": null,
            "timeouts": null
          },
          "sensitive_attributes": [],
          "private": "eyJlMmJmYjczMC1lY2FhLTExZTYtOGY4OC0zNDM2M2JjN2M0YzAiOnsiY3JlYXRlIjoxMjAwMDAwMDAwMDAwLCJkZWxldGUiOjEyMDAwMDAwMDAwMDAsInVwZGF0ZSI6MTIwMDAwMDAwMDAwMH0sInNjaGVtYV92ZXJzaW9uIjoiMSJ9",
          "dependencies": [
            "module.vpc.google_compute_network.vpc"
          ]
        }
      ]
    },
    {
      "module": "module.vpc",
      "mode": "managed",
      "type": "google_compute_firewall",
      "name": "allow-tcp-pub",
      "provider": "module.vpc.provider[\"registry.terraform.io/hashicorp/google\"]",
      "instances": [
        {
          "schema_version": 1,
          "attributes": {
            "allow": [
              {
                "ports": [
                  "80"
                ],
                "protocol": "tcp"
              }
            ],
            "creation_timestamp": "2023-09-06T04:19:18.115-07:00",
            "deny": [],
            "description": "",
            "destination_ranges": [],
            "direction": "INGRESS",
            "disabled": false,
            "enable_logging": null,
            "id": "projects/terraform-practice-392512/global/firewalls/allow-tcp-pub",
            "log_config": [],
            "name": "allow-tcp-pub",
            "network": "https://www.googleapis.com/compute/v1/projects/terraform-practice-392512/global/networks/vpc-test",
            "priority": 1000,
            "project": "terraform-practice-392512",
            "self_link": "https://www.googleapis.com/compute/v1/projects/terraform-practice-392512/global/firewalls/allow-tcp-pub",
            "source_ranges": [
              "0.0.0.0/0"
            ],
            "source_service_accounts": null,
            "source_tags": null,
            "target_service_accounts": null,
            "target_tags": [
              "pub"
            ],
            "timeouts": null
          },
          "sensitive_attributes": [],
          "private": "eyJlMmJmYjczMC1lY2FhLTExZTYtOGY4OC0zNDM2M2JjN2M0YzAiOnsiY3JlYXRlIjoxMjAwMDAwMDAwMDAwLCJkZWxldGUiOjEyMDAwMDAwMDAwMDAsInVwZGF0ZSI6MTIwMDAwMDAwMDAwMH0sInNjaGVtYV92ZXJzaW9uIjoiMSJ9",
          "dependencies": [
            "module.vpc.google_compute_network.vpc"
          ]
        }
      ]
    },
    {
      "module": "module.vpc",
      "mode": "managed",
      "type": "google_compute_firewall",
      "name": "default",
      "provider": "module.vpc.provider[\"registry.terraform.io/hashicorp/google\"]",
      "instances": [
        {
          "schema_version": 1,
          "attributes": {
            "allow": [
              {
                "ports": [
                  "80"
                ],
                "protocol": "tcp"
              }
            ],
            "creation_timestamp": "2023-09-06T04:19:18.108-07:00",
            "deny": [],
            "description": "",
            "destination_ranges": [],
            "direction": "INGRESS",
            "disabled": false,
            "enable_logging": null,
            "id": "projects/terraform-practice-392512/global/firewalls/l7-xlb-fw-allow-hc",
            "log_config": [],
            "name": "l7-xlb-fw-allow-hc",
            "network": "https://www.googleapis.com/compute/v1/projects/terraform-practice-392512/global/networks/vpc-test",
            "priority": 1000,
            "project": "terraform-practice-392512",
            "self_link": "https://www.googleapis.com/compute/v1/projects/terraform-practice-392512/global/firewalls/l7-xlb-fw-allow-hc",
            "source_ranges": [
              "130.211.0.0/22",
              "35.191.0.0/16"
            ],
            "source_service_accounts": null,
            "source_tags": null,
            "target_service_accounts": null,
            "target_tags": [
              "allow-health-check"
            ],
            "timeouts": null
          },
          "sensitive_attributes": [],
          "private": "eyJlMmJmYjczMC1lY2FhLTExZTYtOGY4OC0zNDM2M2JjN2M0YzAiOnsiY3JlYXRlIjoxMjAwMDAwMDAwMDAwLCJkZWxldGUiOjEyMDAwMDAwMDAwMDAsInVwZGF0ZSI6MTIwMDAwMDAwMDAwMH0sInNjaGVtYV92ZXJzaW9uIjoiMSJ9",
          "dependencies": [
            "module.vpc.google_compute_network.vpc"
          ]
        }
      ]
    },
    {
      "module": "module.vpc",
      "mode": "managed",
      "type": "google_compute_network",
      "name": "vpc",
      "provider": "module.vpc.provider[\"registry.terraform.io/hashicorp/google\"]",
      "instances": [
        {
          "schema_version": 0,
          "attributes": {
            "auto_create_subnetworks": false,
            "delete_default_routes_on_create": false,
            "description": "",
            "enable_ula_internal_ipv6": false,
            "gateway_ipv4": "",
            "id": "projects/terraform-practice-392512/global/networks/vpc-test",
            "internal_ipv6_range": "",
            "mtu": 1460,
            "name": "vpc-test",
            "project": "terraform-practice-392512",
            "routing_mode": "REGIONAL",
            "self_link": "https://www.googleapis.com/compute/v1/projects/terraform-practice-392512/global/networks/vpc-test",
            "timeouts": null
          },
          "sensitive_attributes": [],
          "private": "eyJlMmJmYjczMC1lY2FhLTExZTYtOGY4OC0zNDM2M2JjN2M0YzAiOnsiY3JlYXRlIjoxMjAwMDAwMDAwMDAwLCJkZWxldGUiOjEyMDAwMDAwMDAwMDAsInVwZGF0ZSI6MTIwMDAwMDAwMDAwMH19",
          "create_before_destroy": true
        }
      ]
    },
    {
      "module": "module.vpc",
      "mode": "managed",
      "type": "google_compute_subnetwork",
      "name": "private-subnets",
      "provider": "module.vpc.provider[\"registry.terraform.io/hashicorp/google\"]",
      "instances": [
        {
          "index_key": 0,
          "schema_version": 0,
          "attributes": {
            "creation_timestamp": "2023-09-06T04:19:22.277-07:00",
            "description": "",
            "external_ipv6_prefix": "",
            "fingerprint": null,
            "gateway_address": "10.1.0.1",
            "id": "projects/terraform-practice-392512/regions/asia-south1/subnetworks/private-subnet-1",
            "ip_cidr_range": "10.1.0.0/28",
            "ipv6_access_type": "",
            "ipv6_cidr_range": "",
            "log_config": [],
            "name": "private-subnet-1",
            "network": "https://www.googleapis.com/compute/v1/projects/terraform-practice-392512/global/networks/vpc-test",
            "private_ip_google_access": false,
            "private_ipv6_google_access": "DISABLE_GOOGLE_ACCESS",
            "project": "terraform-practice-392512",
            "purpose": "PRIVATE",
            "region": "asia-south1",
            "role": "",
            "secondary_ip_range": [],
            "self_link": "https://www.googleapis.com/compute/v1/projects/terraform-practice-392512/regions/asia-south1/subnetworks/private-subnet-1",
            "stack_type": "IPV4_ONLY",
            "timeouts": null
          },
          "sensitive_attributes": [],
          "private": "eyJlMmJmYjczMC1lY2FhLTExZTYtOGY4OC0zNDM2M2JjN2M0YzAiOnsiY3JlYXRlIjoxMjAwMDAwMDAwMDAwLCJkZWxldGUiOjEyMDAwMDAwMDAwMDAsInVwZGF0ZSI6MTIwMDAwMDAwMDAwMH19",
          "dependencies": [
            "module.vpc.google_compute_network.vpc"
          ],
          "create_before_destroy": true
        },
        {
          "index_key": 1,
          "schema_version": 0,
          "attributes": {
            "creation_timestamp": "2023-09-06T04:19:21.884-07:00",
            "description": "",
            "external_ipv6_prefix": "",
            "fingerprint": null,
            "gateway_address": "10.1.0.17",
            "id": "projects/terraform-practice-392512/regions/asia-south1/subnetworks/private-subnet-2",
            "ip_cidr_range": "10.1.0.16/28",
            "ipv6_access_type": "",
            "ipv6_cidr_range": "",
            "log_config": [],
            "name": "private-subnet-2",
            "network": "https://www.googleapis.com/compute/v1/projects/terraform-practice-392512/global/networks/vpc-test",
            "private_ip_google_access": false,
            "private_ipv6_google_access": "DISABLE_GOOGLE_ACCESS",
            "project": "terraform-practice-392512",
            "purpose": "PRIVATE",
            "region": "asia-south1",
            "role": "",
            "secondary_ip_range": [],
            "self_link": "https://www.googleapis.com/compute/v1/projects/terraform-practice-392512/regions/asia-south1/subnetworks/private-subnet-2",
            "stack_type": "IPV4_ONLY",
            "timeouts": null
          },
          "sensitive_attributes": [],
          "private": "eyJlMmJmYjczMC1lY2FhLTExZTYtOGY4OC0zNDM2M2JjN2M0YzAiOnsiY3JlYXRlIjoxMjAwMDAwMDAwMDAwLCJkZWxldGUiOjEyMDAwMDAwMDAwMDAsInVwZGF0ZSI6MTIwMDAwMDAwMDAwMH19",
          "dependencies": [
            "module.vpc.google_compute_network.vpc"
          ],
          "create_before_destroy": true
        }
      ]
    },
    {
      "module": "module.vpc",
      "mode": "managed",
      "type": "google_compute_subnetwork",
      "name": "public-subnets",
      "provider": "module.vpc.provider[\"registry.terraform.io/hashicorp/google\"]",
      "instances": [
        {
          "index_key": 0,
          "schema_version": 0,
          "attributes": {
            "creation_timestamp": "2023-09-06T04:19:18.251-07:00",
            "description": "",
            "external_ipv6_prefix": "",
            "fingerprint": null,
            "gateway_address": "10.0.0.1",
            "id": "projects/terraform-practice-392512/regions/us-central1/subnetworks/pub-subnet-1",
            "ip_cidr_range": "10.0.0.0/24",
            "ipv6_access_type": "",
            "ipv6_cidr_range": "",
            "log_config": [],
            "name": "pub-subnet-1",
            "network": "https://www.googleapis.com/compute/v1/projects/terraform-practice-392512/global/networks/vpc-test",
            "private_ip_google_access": false,
            "private_ipv6_google_access": "DISABLE_GOOGLE_ACCESS",
            "project": "terraform-practice-392512",
            "purpose": "PRIVATE",
            "region": "us-central1",
            "role": "",
            "secondary_ip_range": [],
            "self_link": "https://www.googleapis.com/compute/v1/projects/terraform-practice-392512/regions/us-central1/subnetworks/pub-subnet-1",
            "stack_type": "IPV4_ONLY",
            "timeouts": null
          },
          "sensitive_attributes": [],
          "private": "eyJlMmJmYjczMC1lY2FhLTExZTYtOGY4OC0zNDM2M2JjN2M0YzAiOnsiY3JlYXRlIjoxMjAwMDAwMDAwMDAwLCJkZWxldGUiOjEyMDAwMDAwMDAwMDAsInVwZGF0ZSI6MTIwMDAwMDAwMDAwMH19",
          "dependencies": [
            "module.vpc.google_compute_network.vpc"
          ],
          "create_before_destroy": true
        },
        {
          "index_key": 1,
          "schema_version": 0,
          "attributes": {
            "creation_timestamp": "2023-09-06T04:19:19.237-07:00",
            "description": "",
            "external_ipv6_prefix": "",
            "fingerprint": null,
            "gateway_address": "10.0.1.1",
            "id": "projects/terraform-practice-392512/regions/us-central1/subnetworks/pub-subnet-2",
            "ip_cidr_range": "10.0.1.0/24",
            "ipv6_access_type": "",
            "ipv6_cidr_range": "",
            "log_config": [],
            "name": "pub-subnet-2",
            "network": "https://www.googleapis.com/compute/v1/projects/terraform-practice-392512/global/networks/vpc-test",
            "private_ip_google_access": false,
            "private_ipv6_google_access": "DISABLE_GOOGLE_ACCESS",
            "project": "terraform-practice-392512",
            "purpose": "PRIVATE",
            "region": "us-central1",
            "role": "",
            "secondary_ip_range": [],
            "self_link": "https://www.googleapis.com/compute/v1/projects/terraform-practice-392512/regions/us-central1/subnetworks/pub-subnet-2",
            "stack_type": "IPV4_ONLY",
            "timeouts": null
          },
          "sensitive_attributes": [],
          "private": "eyJlMmJmYjczMC1lY2FhLTExZTYtOGY4OC0zNDM2M2JjN2M0YzAiOnsiY3JlYXRlIjoxMjAwMDAwMDAwMDAwLCJkZWxldGUiOjEyMDAwMDAwMDAwMDAsInVwZGF0ZSI6MTIwMDAwMDAwMDAwMH19",
          "dependencies": [
            "module.vpc.google_compute_network.vpc"
          ],
          "create_before_destroy": true
        }
      ]
    }
  ],
  "check_results": null
}
