{
  "version": 4,
  "terraform_version": "1.5.2",
  "serial": 689,
  "lineage": "659eec24-f3f1-2d7a-0c38-4023afdae0b0",
  "outputs": {
    "op": {
      "value": {
        "cloud-nat": {
          "cloud-nat": {
            "drain_nat_ips": null,
            "enable_dynamic_port_allocation": false,
            "enable_endpoint_independent_mapping": true,
            "icmp_idle_timeout_sec": 30,
            "id": "terraform-practice-392512/asia-south1/pvt-router-test/pvt-nat-test",
            "log_config": [],
            "max_ports_per_vm": 0,
            "min_ports_per_vm": 0,
            "name": "pvt-nat-test",
            "nat_ip_allocate_option": "AUTO_ONLY",
            "nat_ips": null,
            "project": "terraform-practice-392512",
            "region": "asia-south1",
            "router": "pvt-router-test",
            "rules": [],
            "source_subnetwork_ip_ranges_to_nat": "ALL_SUBNETWORKS_ALL_IP_RANGES",
            "subnetwork": [],
            "tcp_established_idle_timeout_sec": 1200,
            "tcp_time_wait_timeout_sec": 120,
            "tcp_transitory_idle_timeout_sec": 30,
            "timeouts": null,
            "udp_idle_timeout_sec": 30
          }
        },
        "loadbalancer": {
          "externel_ip": {
            "address": "34.110.178.176",
            "address_type": "EXTERNAL",
            "creation_timestamp": "2023-09-12T05:10:42.097-07:00",
            "description": "",
            "id": "projects/terraform-practice-392512/global/addresses/lb-static-ip",
            "ip_version": "",
            "name": "lb-static-ip",
            "network": "",
            "prefix_length": 0,
            "project": "terraform-practice-392512",
            "purpose": "",
            "self_link": "https://www.googleapis.com/compute/v1/projects/terraform-practice-392512/global/addresses/lb-static-ip",
            "timeouts": null
          }
        },
        "neg": {
          "neg": {
            "default_port": 80,
            "description": "",
            "id": "projects/terraform-practice-392512/zones/asia-south1-a/networkEndpointGroups/test-my-lb-neg",
            "name": "test-my-lb-neg",
            "network": "https://www.googleapis.com/compute/v1/projects/terraform-practice-392512/global/networks/vpc-test",
            "network_endpoint_type": "GCE_VM_IP_PORT",
            "project": "terraform-practice-392512",
            "self_link": "https://www.googleapis.com/compute/v1/projects/terraform-practice-392512/zones/asia-south1-a/networkEndpointGroups/test-my-lb-neg",
            "size": 0,
            "subnetwork": "https://www.googleapis.com/compute/v1/projects/terraform-practice-392512/regions/asia-south1/subnetworks/private-subnet-1",
            "timeouts": null,
            "zone": "https://www.googleapis.com/compute/v1/projects/terraform-practice-392512/zones/asia-south1-a"
          }
        },
        "vpc": {
          "private-subnet": [
            {
              "creation_timestamp": "2023-09-12T05:09:55.486-07:00",
              "description": "",
              "external_ipv6_prefix": "",
              "fingerprint": null,
              "gateway_address": "10.1.0.1",
              "id": "projects/terraform-practice-392512/regions/asia-south1/subnetworks/private-subnet-1",
              "ip_cidr_range": "10.1.0.0/28",
              "ipv6_access_type": "",
              "ipv6_cidr_range": "",
              "log_config": [],
              "name": "private-subnet-1",
              "network": "https://www.googleapis.com/compute/v1/projects/terraform-practice-392512/global/networks/vpc-test",
              "private_ip_google_access": false,
              "private_ipv6_google_access": "DISABLE_GOOGLE_ACCESS",
              "project": "terraform-practice-392512",
              "purpose": "PRIVATE",
              "region": "asia-south1",
              "role": "",
              "secondary_ip_range": [],
              "self_link": "https://www.googleapis.com/compute/v1/projects/terraform-practice-392512/regions/asia-south1/subnetworks/private-subnet-1",
              "stack_type": "IPV4_ONLY",
              "timeouts": null
            },
            {
              "creation_timestamp": "2023-09-12T05:09:56.290-07:00",
              "description": "",
              "external_ipv6_prefix": "",
              "fingerprint": null,
              "gateway_address": "10.1.0.17",
              "id": "projects/terraform-practice-392512/regions/asia-south1/subnetworks/private-subnet-2",
              "ip_cidr_range": "10.1.0.16/28",
              "ipv6_access_type": "",
              "ipv6_cidr_range": "",
              "log_config": [],
              "name": "private-subnet-2",
              "network": "https://www.googleapis.com/compute/v1/projects/terraform-practice-392512/global/networks/vpc-test",
              "private_ip_google_access": false,
              "private_ipv6_google_access": "DISABLE_GOOGLE_ACCESS",
              "project": "terraform-practice-392512",
              "purpose": "PRIVATE",
              "region": "asia-south1",
              "role": "",
              "secondary_ip_range": [],
              "self_link": "https://www.googleapis.com/compute/v1/projects/terraform-practice-392512/regions/asia-south1/subnetworks/private-subnet-2",
              "stack_type": "IPV4_ONLY",
              "timeouts": null
            }
          ],
          "public-subnet": [
            {
              "creation_timestamp": "2023-09-12T05:09:53.850-07:00",
              "description": "",
              "external_ipv6_prefix": "",
              "fingerprint": null,
              "gateway_address": "10.0.0.1",
              "id": "projects/terraform-practice-392512/regions/us-central1/subnetworks/pub-subnet-1",
              "ip_cidr_range": "10.0.0.0/24",
              "ipv6_access_type": "",
              "ipv6_cidr_range": "",
              "log_config": [],
              "name": "pub-subnet-1",
              "network": "https://www.googleapis.com/compute/v1/projects/terraform-practice-392512/global/networks/vpc-test",
              "private_ip_google_access": false,
              "private_ipv6_google_access": "DISABLE_GOOGLE_ACCESS",
              "project": "terraform-practice-392512",
              "purpose": "PRIVATE",
              "region": "us-central1",
              "role": "",
              "secondary_ip_range": [],
              "self_link": "https://www.googleapis.com/compute/v1/projects/terraform-practice-392512/regions/us-central1/subnetworks/pub-subnet-1",
              "stack_type": "IPV4_ONLY",
              "timeouts": null
            },
            {
              "creation_timestamp": "2023-09-12T05:09:52.756-07:00",
              "description": "",
              "external_ipv6_prefix": "",
              "fingerprint": null,
              "gateway_address": "10.0.1.1",
              "id": "projects/terraform-practice-392512/regions/us-central1/subnetworks/pub-subnet-2",
              "ip_cidr_range": "10.0.1.0/24",
              "ipv6_access_type": "",
              "ipv6_cidr_range": "",
              "log_config": [],
              "name": "pub-subnet-2",
              "network": "https://www.googleapis.com/compute/v1/projects/terraform-practice-392512/global/networks/vpc-test",
              "private_ip_google_access": false,
              "private_ipv6_google_access": "DISABLE_GOOGLE_ACCESS",
              "project": "terraform-practice-392512",
              "purpose": "PRIVATE",
              "region": "us-central1",
              "role": "",
              "secondary_ip_range": [],
              "self_link": "https://www.googleapis.com/compute/v1/projects/terraform-practice-392512/regions/us-central1/subnetworks/pub-subnet-2",
              "stack_type": "IPV4_ONLY",
              "timeouts": null
            }
          ],
          "vpc": {
            "auto_create_subnetworks": false,
            "delete_default_routes_on_create": false,
            "description": "",
            "enable_ula_internal_ipv6": false,
            "gateway_ipv4": "",
            "id": "projects/terraform-practice-392512/global/networks/vpc-test",
            "internal_ipv6_range": "",
            "mtu": 1460,
            "name": "vpc-test",
            "project": "terraform-practice-392512",
            "routing_mode": "REGIONAL",
            "self_link": "https://www.googleapis.com/compute/v1/projects/terraform-practice-392512/global/networks/vpc-test",
            "timeouts": null
          }
        }
      },
      "type": [
        "object",
        {
          "cloud-nat": [
            "object",
            {
              "cloud-nat": [
                "object",
                {
                  "drain_nat_ips": [
                    "set",
                    "string"
                  ],
                  "enable_dynamic_port_allocation": "bool",
                  "enable_endpoint_independent_mapping": "bool",
                  "icmp_idle_timeout_sec": "number",
                  "id": "string",
                  "log_config": [
                    "list",
                    [
                      "object",
                      {
                        "enable": "bool",
                        "filter": "string"
                      }
                    ]
                  ],
                  "max_ports_per_vm": "number",
                  "min_ports_per_vm": "number",
                  "name": "string",
                  "nat_ip_allocate_option": "string",
                  "nat_ips": [
                    "set",
                    "string"
                  ],
                  "project": "string",
                  "region": "string",
                  "router": "string",
                  "rules": [
                    "set",
                    [
                      "object",
                      {
                        "action": [
                          "list",
                          [
                            "object",
                            {
                              "source_nat_active_ips": [
                                "set",
                                "string"
                              ],
                              "source_nat_drain_ips": [
                                "set",
                                "string"
                              ]
                            }
                          ]
                        ],
                        "description": "string",
                        "match": "string",
                        "rule_number": "number"
                      }
                    ]
                  ],
                  "source_subnetwork_ip_ranges_to_nat": "string",
                  "subnetwork": [
                    "set",
                    [
                      "object",
                      {
                        "name": "string",
                        "secondary_ip_range_names": [
                          "set",
                          "string"
                        ],
                        "source_ip_ranges_to_nat": [
                          "set",
                          "string"
                        ]
                      }
                    ]
                  ],
                  "tcp_established_idle_timeout_sec": "number",
                  "tcp_time_wait_timeout_sec": "number",
                  "tcp_transitory_idle_timeout_sec": "number",
                  "timeouts": [
                    "object",
                    {
                      "create": "string",
                      "delete": "string",
                      "update": "string"
                    }
                  ],
                  "udp_idle_timeout_sec": "number"
                }
              ]
            }
          ],
          "loadbalancer": [
            "object",
            {
              "externel_ip": [
                "object",
                {
                  "address": "string",
                  "address_type": "string",
                  "creation_timestamp": "string",
                  "description": "string",
                  "id": "string",
                  "ip_version": "string",
                  "name": "string",
                  "network": "string",
                  "prefix_length": "number",
                  "project": "string",
                  "purpose": "string",
                  "self_link": "string",
                  "timeouts": [
                    "object",
                    {
                      "create": "string",
                      "delete": "string"
                    }
                  ]
                }
              ]
            }
          ],
          "neg": [
            "object",
            {
              "neg": [
                "object",
                {
                  "default_port": "number",
                  "description": "string",
                  "id": "string",
                  "name": "string",
                  "network": "string",
                  "network_endpoint_type": "string",
                  "project": "string",
                  "self_link": "string",
                  "size": "number",
                  "subnetwork": "string",
                  "timeouts": [
                    "object",
                    {
                      "create": "string",
                      "delete": "string"
                    }
                  ],
                  "zone": "string"
                }
              ]
            }
          ],
          "vpc": [
            "object",
            {
              "private-subnet": [
                "tuple",
                [
                  [
                    "object",
                    {
                      "creation_timestamp": "string",
                      "description": "string",
                      "external_ipv6_prefix": "string",
                      "fingerprint": "string",
                      "gateway_address": "string",
                      "id": "string",
                      "ip_cidr_range": "string",
                      "ipv6_access_type": "string",
                      "ipv6_cidr_range": "string",
                      "log_config": [
                        "list",
                        [
                          "object",
                          {
                            "aggregation_interval": "string",
                            "filter_expr": "string",
                            "flow_sampling": "number",
                            "metadata": "string",
                            "metadata_fields": [
                              "set",
                              "string"
                            ]
                          }
                        ]
                      ],
                      "name": "string",
                      "network": "string",
                      "private_ip_google_access": "bool",
                      "private_ipv6_google_access": "string",
                      "project": "string",
                      "purpose": "string",
                      "region": "string",
                      "role": "string",
                      "secondary_ip_range": [
                        "list",
                        [
                          "object",
                          {
                            "ip_cidr_range": "string",
                            "range_name": "string"
                          }
                        ]
                      ],
                      "self_link": "string",
                      "stack_type": "string",
                      "timeouts": [
                        "object",
                        {
                          "create": "string",
                          "delete": "string",
                          "update": "string"
                        }
                      ]
                    }
                  ],
                  [
                    "object",
                    {
                      "creation_timestamp": "string",
                      "description": "string",
                      "external_ipv6_prefix": "string",
                      "fingerprint": "string",
                      "gateway_address": "string",
                      "id": "string",
                      "ip_cidr_range": "string",
                      "ipv6_access_type": "string",
                      "ipv6_cidr_range": "string",
                      "log_config": [
                        "list",
                        [
                          "object",
                          {
                            "aggregation_interval": "string",
                            "filter_expr": "string",
                            "flow_sampling": "number",
                            "metadata": "string",
                            "metadata_fields": [
                              "set",
                              "string"
                            ]
                          }
                        ]
                      ],
                      "name": "string",
                      "network": "string",
                      "private_ip_google_access": "bool",
                      "private_ipv6_google_access": "string",
                      "project": "string",
                      "purpose": "string",
                      "region": "string",
                      "role": "string",
                      "secondary_ip_range": [
                        "list",
                        [
                          "object",
                          {
                            "ip_cidr_range": "string",
                            "range_name": "string"
                          }
                        ]
                      ],
                      "self_link": "string",
                      "stack_type": "string",
                      "timeouts": [
                        "object",
                        {
                          "create": "string",
                          "delete": "string",
                          "update": "string"
                        }
                      ]
                    }
                  ]
                ]
              ],
              "public-subnet": [
                "tuple",
                [
                  [
                    "object",
                    {
                      "creation_timestamp": "string",
                      "description": "string",
                      "external_ipv6_prefix": "string",
                      "fingerprint": "string",
                      "gateway_address": "string",
                      "id": "string",
                      "ip_cidr_range": "string",
                      "ipv6_access_type": "string",
                      "ipv6_cidr_range": "string",
                      "log_config": [
                        "list",
                        [
                          "object",
                          {
                            "aggregation_interval": "string",
                            "filter_expr": "string",
                            "flow_sampling": "number",
                            "metadata": "string",
                            "metadata_fields": [
                              "set",
                              "string"
                            ]
                          }
                        ]
                      ],
                      "name": "string",
                      "network": "string",
                      "private_ip_google_access": "bool",
                      "private_ipv6_google_access": "string",
                      "project": "string",
                      "purpose": "string",
                      "region": "string",
                      "role": "string",
                      "secondary_ip_range": [
                        "list",
                        [
                          "object",
                          {
                            "ip_cidr_range": "string",
                            "range_name": "string"
                          }
                        ]
                      ],
                      "self_link": "string",
                      "stack_type": "string",
                      "timeouts": [
                        "object",
                        {
                          "create": "string",
                          "delete": "string",
                          "update": "string"
                        }
                      ]
                    }
                  ],
                  [
                    "object",
                    {
                      "creation_timestamp": "string",
                      "description": "string",
                      "external_ipv6_prefix": "string",
                      "fingerprint": "string",
                      "gateway_address": "string",
                      "id": "string",
                      "ip_cidr_range": "string",
                      "ipv6_access_type": "string",
                      "ipv6_cidr_range": "string",
                      "log_config": [
                        "list",
                        [
                          "object",
                          {
                            "aggregation_interval": "string",
                            "filter_expr": "string",
                            "flow_sampling": "number",
                            "metadata": "string",
                            "metadata_fields": [
                              "set",
                              "string"
                            ]
                          }
                        ]
                      ],
                      "name": "string",
                      "network": "string",
                      "private_ip_google_access": "bool",
                      "private_ipv6_google_access": "string",
                      "project": "string",
                      "purpose": "string",
                      "region": "string",
                      "role": "string",
                      "secondary_ip_range": [
                        "list",
                        [
                          "object",
                          {
                            "ip_cidr_range": "string",
                            "range_name": "string"
                          }
                        ]
                      ],
                      "self_link": "string",
                      "stack_type": "string",
                      "timeouts": [
                        "object",
                        {
                          "create": "string",
                          "delete": "string",
                          "update": "string"
                        }
                      ]
                    }
                  ]
                ]
              ],
              "vpc": [
                "object",
                {
                  "auto_create_subnetworks": "bool",
                  "delete_default_routes_on_create": "bool",
                  "description": "string",
                  "enable_ula_internal_ipv6": "bool",
                  "gateway_ipv4": "string",
                  "id": "string",
                  "internal_ipv6_range": "string",
                  "mtu": "number",
                  "name": "string",
                  "project": "string",
                  "routing_mode": "string",
                  "self_link": "string",
                  "timeouts": [
                    "object",
                    {
                      "create": "string",
                      "delete": "string",
                      "update": "string"
                    }
                  ]
                }
              ]
            }
          ]
        }
      ]
    }
  },
  "resources": [
    {
      "mode": "managed",
      "type": "google_compute_instance",
      "name": "endpoint-instance-1",
      "provider": "provider[\"registry.terraform.io/hashicorp/google\"]",
      "instances": [
        {
          "schema_version": 6,
          "attributes": {
            "advanced_machine_features": [],
            "allow_stopping_for_update": null,
            "attached_disk": [],
            "boot_disk": [
              {
                "auto_delete": true,
                "device_name": "persistent-disk-0",
                "disk_encryption_key_raw": "",
                "disk_encryption_key_sha256": "",
                "initialize_params": [
                  {
                    "image": "https://www.googleapis.com/compute/v1/projects/ubuntu-os-cloud/global/images/ubuntu-minimal-2204-jammy-v20230907",
                    "labels": {
                      "instace": "1"
                    },
                    "size": 30,
                    "type": "pd-balanced"
                  }
                ],
                "kms_key_self_link": "",
                "mode": "READ_WRITE",
                "source": "https://www.googleapis.com/compute/v1/projects/terraform-practice-392512/zones/asia-south1-a/disks/endpoint-instance-1"
              }
            ],
            "can_ip_forward": false,
            "confidential_instance_config": [],
            "cpu_platform": "Intel Broadwell",
            "current_status": "RUNNING",
            "deletion_protection": false,
            "description": "",
            "desired_status": null,
            "enable_display": false,
            "guest_accelerator": [],
            "hostname": "",
            "id": "projects/terraform-practice-392512/zones/asia-south1-a/instances/endpoint-instance-1",
            "instance_id": "7142360724670376920",
            "label_fingerprint": "t4Kql2bj3e4=",
            "labels": {
              "env": "endpoint-instance",
              "instance": "1",
              "owner": "terraform"
            },
            "machine_type": "e2-micro",
            "metadata": null,
            "metadata_fingerprint": "FYAqEuwreps=",
            "metadata_startup_script": null,
            "min_cpu_platform": "",
            "name": "endpoint-instance-1",
            "network_interface": [
              {
                "access_config": [],
                "alias_ip_range": [],
                "ipv6_access_config": [],
                "ipv6_access_type": "",
                "name": "nic0",
                "network": "https://www.googleapis.com/compute/v1/projects/terraform-practice-392512/global/networks/vpc-test",
                "network_ip": "10.1.0.2",
                "nic_type": "",
                "queue_count": 0,
                "stack_type": "IPV4_ONLY",
                "subnetwork": "https://www.googleapis.com/compute/v1/projects/terraform-practice-392512/regions/asia-south1/subnetworks/private-subnet-1",
                "subnetwork_project": "terraform-practice-392512"
              }
            ],
            "project": "terraform-practice-392512",
            "reservation_affinity": [],
            "resource_policies": null,
            "scheduling": [
              {
                "automatic_restart": true,
                "instance_termination_action": "",
                "min_node_cpus": 0,
                "node_affinities": [],
                "on_host_maintenance": "MIGRATE",
                "preemptible": false,
                "provisioning_model": "STANDARD"
              }
            ],
            "scratch_disk": [],
            "self_link": "https://www.googleapis.com/compute/v1/projects/terraform-practice-392512/zones/asia-south1-a/instances/endpoint-instance-1",
            "service_account": [],
            "shielded_instance_config": [
              {
                "enable_integrity_monitoring": true,
                "enable_secure_boot": false,
                "enable_vtpm": true
              }
            ],
            "tags": [
              "endpoint-instance"
            ],
            "tags_fingerprint": "tQAz7V3Zu94=",
            "timeouts": null,
            "zone": "asia-south1-a"
          },
          "sensitive_attributes": [],
          "private": "eyJlMmJmYjczMC1lY2FhLTExZTYtOGY4OC0zNDM2M2JjN2M0YzAiOnsiY3JlYXRlIjoxMjAwMDAwMDAwMDAwLCJkZWxldGUiOjEyMDAwMDAwMDAwMDAsInVwZGF0ZSI6MTIwMDAwMDAwMDAwMH0sInNjaGVtYV92ZXJzaW9uIjoiNiJ9",
          "dependencies": [
            "module.vpc.google_compute_network.vpc",
            "module.vpc.google_compute_subnetwork.private-subnets",
            "module.vpc.google_compute_subnetwork.public-subnets"
          ]
        }
      ]
    },
    {
      "mode": "managed",
      "type": "google_compute_instance",
      "name": "endpoint-instance-2",
      "provider": "provider[\"registry.terraform.io/hashicorp/google\"]",
      "instances": [
        {
          "schema_version": 6,
          "attributes": {
            "advanced_machine_features": [],
            "allow_stopping_for_update": null,
            "attached_disk": [],
            "boot_disk": [
              {
                "auto_delete": true,
                "device_name": "persistent-disk-0",
                "disk_encryption_key_raw": "",
                "disk_encryption_key_sha256": "",
                "initialize_params": [
                  {
                    "image": "https://www.googleapis.com/compute/v1/projects/ubuntu-os-cloud/global/images/ubuntu-minimal-2204-jammy-v20230907",
                    "labels": {
                      "instace": "1"
                    },
                    "size": 30,
                    "type": "pd-balanced"
                  }
                ],
                "kms_key_self_link": "",
                "mode": "READ_WRITE",
                "source": "https://www.googleapis.com/compute/v1/projects/terraform-practice-392512/zones/asia-south1-a/disks/endpoint-instance-2"
              }
            ],
            "can_ip_forward": false,
            "confidential_instance_config": [],
            "cpu_platform": "Intel Broadwell",
            "current_status": "RUNNING",
            "deletion_protection": false,
            "description": "",
            "desired_status": null,
            "enable_display": false,
            "guest_accelerator": [],
            "hostname": "",
            "id": "projects/terraform-practice-392512/zones/asia-south1-a/instances/endpoint-instance-2",
            "instance_id": "1791329299218688984",
            "label_fingerprint": "t4Kql2bj3e4=",
            "labels": {
              "env": "endpoint-instance",
              "instance": "1",
              "owner": "terraform"
            },
            "machine_type": "e2-micro",
            "metadata": null,
            "metadata_fingerprint": "FYAqEuwreps=",
            "metadata_startup_script": null,
            "min_cpu_platform": "",
            "name": "endpoint-instance-2",
            "network_interface": [
              {
                "access_config": [],
                "alias_ip_range": [],
                "ipv6_access_config": [],
                "ipv6_access_type": "",
                "name": "nic0",
                "network": "https://www.googleapis.com/compute/v1/projects/terraform-practice-392512/global/networks/vpc-test",
                "network_ip": "10.1.0.3",
                "nic_type": "",
                "queue_count": 0,
                "stack_type": "IPV4_ONLY",
                "subnetwork": "https://www.googleapis.com/compute/v1/projects/terraform-practice-392512/regions/asia-south1/subnetworks/private-subnet-1",
                "subnetwork_project": "terraform-practice-392512"
              }
            ],
            "project": "terraform-practice-392512",
            "reservation_affinity": [],
            "resource_policies": null,
            "scheduling": [
              {
                "automatic_restart": true,
                "instance_termination_action": "",
                "min_node_cpus": 0,
                "node_affinities": [],
                "on_host_maintenance": "MIGRATE",
                "preemptible": false,
                "provisioning_model": "STANDARD"
              }
            ],
            "scratch_disk": [],
            "self_link": "https://www.googleapis.com/compute/v1/projects/terraform-practice-392512/zones/asia-south1-a/instances/endpoint-instance-2",
            "service_account": [],
            "shielded_instance_config": [
              {
                "enable_integrity_monitoring": true,
                "enable_secure_boot": false,
                "enable_vtpm": true
              }
            ],
            "tags": [
              "endpoint-instance"
            ],
            "tags_fingerprint": "tQAz7V3Zu94=",
            "timeouts": null,
            "zone": "asia-south1-a"
          },
          "sensitive_attributes": [],
          "private": "eyJlMmJmYjczMC1lY2FhLTExZTYtOGY4OC0zNDM2M2JjN2M0YzAiOnsiY3JlYXRlIjoxMjAwMDAwMDAwMDAwLCJkZWxldGUiOjEyMDAwMDAwMDAwMDAsInVwZGF0ZSI6MTIwMDAwMDAwMDAwMH0sInNjaGVtYV92ZXJzaW9uIjoiNiJ9",
          "dependencies": [
            "module.vpc.google_compute_network.vpc",
            "module.vpc.google_compute_subnetwork.private-subnets",
            "module.vpc.google_compute_subnetwork.public-subnets"
          ]
        }
      ]
    },
    {
      "module": "module.NE",
      "mode": "managed",
      "type": "google_compute_network_endpoint",
      "name": "default-endpoint",
      "provider": "provider[\"registry.terraform.io/hashicorp/google\"]",
      "instances": [
        {
          "index_key": 0,
          "schema_version": 0,
          "attributes": {
            "id": "terraform-practice-392512/asia-south1-a/test-my-lb-neg/endpoint-instance-1/10.1.0.2/80",
            "instance": "endpoint-instance-1",
            "ip_address": "10.1.0.2",
            "network_endpoint_group": "test-my-lb-neg",
            "port": 80,
            "project": "terraform-practice-392512",
            "timeouts": null,
            "zone": "asia-south1-a"
          },
          "sensitive_attributes": [],
          "private": "eyJlMmJmYjczMC1lY2FhLTExZTYtOGY4OC0zNDM2M2JjN2M0YzAiOnsiY3JlYXRlIjoxMjAwMDAwMDAwMDAwLCJkZWxldGUiOjEyMDAwMDAwMDAwMDB9fQ==",
          "dependencies": [
            "google_compute_instance.endpoint-instance-1",
            "google_compute_instance.endpoint-instance-2",
            "module.NE.null_resource.delay",
            "module.NEG.google_compute_network_endpoint_group.neg",
            "module.vpc.google_compute_network.vpc",
            "module.vpc.google_compute_subnetwork.private-subnets",
            "module.vpc.google_compute_subnetwork.public-subnets"
          ]
        },
        {
          "index_key": 1,
          "schema_version": 0,
          "attributes": {
            "id": "terraform-practice-392512/asia-south1-a/test-my-lb-neg/endpoint-instance-2/10.1.0.3/80",
            "instance": "endpoint-instance-2",
            "ip_address": "10.1.0.3",
            "network_endpoint_group": "test-my-lb-neg",
            "port": 80,
            "project": "terraform-practice-392512",
            "timeouts": null,
            "zone": "asia-south1-a"
          },
          "sensitive_attributes": [],
          "private": "eyJlMmJmYjczMC1lY2FhLTExZTYtOGY4OC0zNDM2M2JjN2M0YzAiOnsiY3JlYXRlIjoxMjAwMDAwMDAwMDAwLCJkZWxldGUiOjEyMDAwMDAwMDAwMDB9fQ==",
          "dependencies": [
            "google_compute_instance.endpoint-instance-1",
            "google_compute_instance.endpoint-instance-2",
            "module.NE.null_resource.delay",
            "module.NEG.google_compute_network_endpoint_group.neg",
            "module.vpc.google_compute_network.vpc",
            "module.vpc.google_compute_subnetwork.private-subnets",
            "module.vpc.google_compute_subnetwork.public-subnets"
          ]
        }
      ]
    },
    {
      "module": "module.NE",
      "mode": "managed",
      "type": "null_resource",
      "name": "delay",
      "provider": "provider[\"registry.terraform.io/hashicorp/null\"]",
      "instances": [
        {
          "schema_version": 0,
          "attributes": {
            "id": "2734811308945635913",
            "triggers": {
              "delay": "2023-09-12T12:09:26Z"
            }
          },
          "sensitive_attributes": []
        }
      ]
    },
    {
      "module": "module.NEG",
      "mode": "managed",
      "type": "google_compute_network_endpoint_group",
      "name": "neg",
      "provider": "provider[\"registry.terraform.io/hashicorp/google\"]",
      "instances": [
        {
          "schema_version": 0,
          "attributes": {
            "default_port": 80,
            "description": "",
            "id": "projects/terraform-practice-392512/zones/asia-south1-a/networkEndpointGroups/test-my-lb-neg",
            "name": "test-my-lb-neg",
            "network": "https://www.googleapis.com/compute/v1/projects/terraform-practice-392512/global/networks/vpc-test",
            "network_endpoint_type": "GCE_VM_IP_PORT",
            "project": "terraform-practice-392512",
            "self_link": "https://www.googleapis.com/compute/v1/projects/terraform-practice-392512/zones/asia-south1-a/networkEndpointGroups/test-my-lb-neg",
            "size": 0,
            "subnetwork": "https://www.googleapis.com/compute/v1/projects/terraform-practice-392512/regions/asia-south1/subnetworks/private-subnet-1",
            "timeouts": null,
            "zone": "https://www.googleapis.com/compute/v1/projects/terraform-practice-392512/zones/asia-south1-a"
          },
          "sensitive_attributes": [],
          "private": "eyJlMmJmYjczMC1lY2FhLTExZTYtOGY4OC0zNDM2M2JjN2M0YzAiOnsiY3JlYXRlIjoxMjAwMDAwMDAwMDAwLCJkZWxldGUiOjEyMDAwMDAwMDAwMDB9fQ==",
          "dependencies": [
            "module.vpc.google_compute_network.vpc",
            "module.vpc.google_compute_subnetwork.private-subnets",
            "module.vpc.google_compute_subnetwork.public-subnets"
          ]
        }
      ]
    },
    {
      "module": "module.cloud-nat",
      "mode": "managed",
      "type": "google_compute_router",
      "name": "pvt-router",
      "provider": "provider[\"registry.terraform.io/hashicorp/google\"]",
      "instances": [
        {
          "schema_version": 0,
          "attributes": {
            "bgp": [],
            "creation_timestamp": "2023-09-12T05:10:30.287-07:00",
            "description": "",
            "encrypted_interconnect_router": false,
            "id": "projects/terraform-practice-392512/regions/asia-south1/routers/pvt-router-test",
            "name": "pvt-router-test",
            "network": "https://www.googleapis.com/compute/v1/projects/terraform-practice-392512/global/networks/vpc-test",
            "project": "terraform-practice-392512",
            "region": "asia-south1",
            "self_link": "https://www.googleapis.com/compute/v1/projects/terraform-practice-392512/regions/asia-south1/routers/pvt-router-test",
            "timeouts": null
          },
          "sensitive_attributes": [],
          "private": "eyJlMmJmYjczMC1lY2FhLTExZTYtOGY4OC0zNDM2M2JjN2M0YzAiOnsiY3JlYXRlIjoxMjAwMDAwMDAwMDAwLCJkZWxldGUiOjEyMDAwMDAwMDAwMDAsInVwZGF0ZSI6MTIwMDAwMDAwMDAwMH19",
          "dependencies": [
            "module.vpc.google_compute_firewall.allow-ssh",
            "module.vpc.google_compute_firewall.allow-tcp-pub",
            "module.vpc.google_compute_firewall.default",
            "module.vpc.google_compute_network.vpc",
            "module.vpc.google_compute_subnetwork.private-subnets",
            "module.vpc.google_compute_subnetwork.public-subnets"
          ]
        }
      ]
    },
    {
      "module": "module.cloud-nat",
      "mode": "managed",
      "type": "google_compute_router_nat",
      "name": "pvt-nat",
      "provider": "provider[\"registry.terraform.io/hashicorp/google\"]",
      "instances": [
        {
          "schema_version": 0,
          "attributes": {
            "drain_nat_ips": null,
            "enable_dynamic_port_allocation": false,
            "enable_endpoint_independent_mapping": true,
            "icmp_idle_timeout_sec": 30,
            "id": "terraform-practice-392512/asia-south1/pvt-router-test/pvt-nat-test",
            "log_config": [],
            "max_ports_per_vm": 0,
            "min_ports_per_vm": 0,
            "name": "pvt-nat-test",
            "nat_ip_allocate_option": "AUTO_ONLY",
            "nat_ips": null,
            "project": "terraform-practice-392512",
            "region": "asia-south1",
            "router": "pvt-router-test",
            "rules": [],
            "source_subnetwork_ip_ranges_to_nat": "ALL_SUBNETWORKS_ALL_IP_RANGES",
            "subnetwork": [],
            "tcp_established_idle_timeout_sec": 1200,
            "tcp_time_wait_timeout_sec": 120,
            "tcp_transitory_idle_timeout_sec": 30,
            "timeouts": null,
            "udp_idle_timeout_sec": 30
          },
          "sensitive_attributes": [],
          "private": "eyJlMmJmYjczMC1lY2FhLTExZTYtOGY4OC0zNDM2M2JjN2M0YzAiOnsiY3JlYXRlIjoxMjAwMDAwMDAwMDAwLCJkZWxldGUiOjEyMDAwMDAwMDAwMDAsInVwZGF0ZSI6MTIwMDAwMDAwMDAwMH19",
          "dependencies": [
            "module.cloud-nat.google_compute_router.pvt-router",
            "module.vpc.google_compute_firewall.allow-ssh",
            "module.vpc.google_compute_firewall.allow-tcp-pub",
            "module.vpc.google_compute_firewall.default",
            "module.vpc.google_compute_network.vpc",
            "module.vpc.google_compute_subnetwork.private-subnets",
            "module.vpc.google_compute_subnetwork.public-subnets"
          ]
        }
      ]
    },
    {
      "module": "module.loadbalancer",
      "mode": "managed",
      "type": "google_compute_backend_service",
      "name": "default",
      "provider": "provider[\"registry.terraform.io/hashicorp/google\"]",
      "instances": [
        {
          "schema_version": 1,
          "attributes": {
            "affinity_cookie_ttl_sec": 0,
            "backend": [
              {
                "balancing_mode": "RATE",
                "capacity_scaler": 1,
                "description": "",
                "group": "https://www.googleapis.com/compute/v1/projects/terraform-practice-392512/zones/asia-south1-a/networkEndpointGroups/test-my-lb-neg",
                "max_connections": 0,
                "max_connections_per_endpoint": 0,
                "max_connections_per_instance": 0,
                "max_rate": 100,
                "max_rate_per_endpoint": 0,
                "max_rate_per_instance": 0,
                "max_utilization": 0
              }
            ],
            "cdn_policy": [
              {
                "cache_key_policy": [],
                "cache_mode": "CACHE_ALL_STATIC",
                "client_ttl": 3600,
                "default_ttl": 3600,
                "max_ttl": 86400,
                "negative_caching": true,
                "negative_caching_policy": [],
                "serve_while_stale": 86400,
                "signed_url_cache_max_age_sec": 0
              }
            ],
            "circuit_breakers": [],
            "compression_mode": "",
            "connection_draining_timeout_sec": 300,
            "consistent_hash": [],
            "creation_timestamp": "2023-09-12T05:10:58.827-07:00",
            "custom_request_headers": null,
            "custom_response_headers": null,
            "description": "",
            "edge_security_policy": "",
            "enable_cdn": true,
            "fingerprint": "Fyk6dcgWcUU=",
            "generated_id": 2904494666683378621,
            "health_checks": [
              "projects/terraform-practice-392512/global/healthChecks/lb-hc"
            ],
            "iap": [],
            "id": "projects/terraform-practice-392512/global/backendServices/lb-backend-service",
            "load_balancing_scheme": "EXTERNAL",
            "locality_lb_policy": "",
            "log_config": [],
            "name": "lb-backend-service",
            "outlier_detection": [],
            "port_name": "http",
            "project": "terraform-practice-392512",
            "protocol": "HTTP",
            "security_policy": "",
            "security_settings": [],
            "self_link": "https://www.googleapis.com/compute/v1/projects/terraform-practice-392512/global/backendServices/lb-backend-service",
            "session_affinity": "NONE",
            "timeout_sec": 10,
            "timeouts": null
          },
          "sensitive_attributes": [],
          "private": "eyJlMmJmYjczMC1lY2FhLTExZTYtOGY4OC0zNDM2M2JjN2M0YzAiOnsiY3JlYXRlIjoxMjAwMDAwMDAwMDAwLCJkZWxldGUiOjEyMDAwMDAwMDAwMDAsInVwZGF0ZSI6MTIwMDAwMDAwMDAwMH0sInNjaGVtYV92ZXJzaW9uIjoiMSJ9",
          "dependencies": [
            "module.NEG.google_compute_network_endpoint_group.neg",
            "module.loadbalancer.google_compute_health_check.default",
            "module.vpc.google_compute_network.vpc",
            "module.vpc.google_compute_subnetwork.private-subnets",
            "module.vpc.google_compute_subnetwork.public-subnets"
          ]
        }
      ]
    },
    {
      "module": "module.loadbalancer",
      "mode": "managed",
      "type": "google_compute_global_address",
      "name": "default",
      "provider": "provider[\"registry.terraform.io/hashicorp/google\"]",
      "instances": [
        {
          "schema_version": 0,
          "attributes": {
            "address": "34.110.178.176",
            "address_type": "EXTERNAL",
            "creation_timestamp": "2023-09-12T05:10:42.097-07:00",
            "description": "",
            "id": "projects/terraform-practice-392512/global/addresses/lb-static-ip",
            "ip_version": "",
            "name": "lb-static-ip",
            "network": "",
            "prefix_length": 0,
            "project": "terraform-practice-392512",
            "purpose": "",
            "self_link": "https://www.googleapis.com/compute/v1/projects/terraform-practice-392512/global/addresses/lb-static-ip",
            "timeouts": null
          },
          "sensitive_attributes": [],
          "private": "eyJlMmJmYjczMC1lY2FhLTExZTYtOGY4OC0zNDM2M2JjN2M0YzAiOnsiY3JlYXRlIjoxMjAwMDAwMDAwMDAwLCJkZWxldGUiOjEyMDAwMDAwMDAwMDB9fQ==",
          "dependencies": [
            "module.NEG.google_compute_network_endpoint_group.neg",
            "module.vpc.google_compute_network.vpc",
            "module.vpc.google_compute_subnetwork.private-subnets",
            "module.vpc.google_compute_subnetwork.public-subnets"
          ]
        }
      ]
    },
    {
      "module": "module.loadbalancer",
      "mode": "managed",
      "type": "google_compute_global_forwarding_rule",
      "name": "default",
      "provider": "provider[\"registry.terraform.io/hashicorp/google\"]",
      "instances": [
        {
          "schema_version": 0,
          "attributes": {
            "description": "",
            "id": "projects/terraform-practice-392512/global/forwardingRules/lb-forwarding-rule",
            "ip_address": "projects/terraform-practice-392512/global/addresses/lb-static-ip",
            "ip_protocol": "TCP",
            "ip_version": "",
            "label_fingerprint": "42WmSpB8rSM=",
            "labels": null,
            "load_balancing_scheme": "EXTERNAL",
            "metadata_filters": [],
            "name": "lb-forwarding-rule",
            "network": "",
            "port_range": "80",
            "project": "terraform-practice-392512",
            "psc_connection_id": "",
            "psc_connection_status": "",
            "self_link": "https://www.googleapis.com/compute/v1/projects/terraform-practice-392512/global/forwardingRules/lb-forwarding-rule",
            "target": "projects/terraform-practice-392512/global/targetHttpProxies/lb-target-http-proxy",
            "timeouts": null
          },
          "sensitive_attributes": [],
          "private": "eyJlMmJmYjczMC1lY2FhLTExZTYtOGY4OC0zNDM2M2JjN2M0YzAiOnsiY3JlYXRlIjoxMjAwMDAwMDAwMDAwLCJkZWxldGUiOjEyMDAwMDAwMDAwMDAsInVwZGF0ZSI6MTIwMDAwMDAwMDAwMH19",
          "dependencies": [
            "module.NEG.google_compute_network_endpoint_group.neg",
            "module.loadbalancer.google_compute_backend_service.default",
            "module.loadbalancer.google_compute_global_address.default",
            "module.loadbalancer.google_compute_health_check.default",
            "module.loadbalancer.google_compute_target_http_proxy.default",
            "module.loadbalancer.google_compute_url_map.default",
            "module.vpc.google_compute_network.vpc",
            "module.vpc.google_compute_subnetwork.private-subnets",
            "module.vpc.google_compute_subnetwork.public-subnets"
          ]
        }
      ]
    },
    {
      "module": "module.loadbalancer",
      "mode": "managed",
      "type": "google_compute_health_check",
      "name": "default",
      "provider": "provider[\"registry.terraform.io/hashicorp/google\"]",
      "instances": [
        {
          "schema_version": 0,
          "attributes": {
            "check_interval_sec": 5,
            "creation_timestamp": "2023-09-12T05:10:42.018-07:00",
            "description": "",
            "grpc_health_check": [],
            "healthy_threshold": 2,
            "http2_health_check": [],
            "http_health_check": [
              {
                "host": "",
                "port": 0,
                "port_name": "",
                "port_specification": "USE_SERVING_PORT",
                "proxy_header": "NONE",
                "request_path": "/",
                "response": ""
              }
            ],
            "https_health_check": [],
            "id": "projects/terraform-practice-392512/global/healthChecks/lb-hc",
            "log_config": [
              {
                "enable": false
              }
            ],
            "name": "lb-hc",
            "project": "terraform-practice-392512",
            "self_link": "https://www.googleapis.com/compute/v1/projects/terraform-practice-392512/global/healthChecks/lb-hc",
            "ssl_health_check": [],
            "tcp_health_check": [],
            "timeout_sec": 5,
            "timeouts": null,
            "type": "HTTP",
            "unhealthy_threshold": 2
          },
          "sensitive_attributes": [],
          "private": "eyJlMmJmYjczMC1lY2FhLTExZTYtOGY4OC0zNDM2M2JjN2M0YzAiOnsiY3JlYXRlIjoxMjAwMDAwMDAwMDAwLCJkZWxldGUiOjEyMDAwMDAwMDAwMDAsInVwZGF0ZSI6MTIwMDAwMDAwMDAwMH19",
          "dependencies": [
            "module.NEG.google_compute_network_endpoint_group.neg",
            "module.vpc.google_compute_network.vpc",
            "module.vpc.google_compute_subnetwork.private-subnets",
            "module.vpc.google_compute_subnetwork.public-subnets"
          ]
        }
      ]
    },
    {
      "module": "module.loadbalancer",
      "mode": "managed",
      "type": "google_compute_target_http_proxy",
      "name": "default",
      "provider": "provider[\"registry.terraform.io/hashicorp/google\"]",
      "instances": [
        {
          "schema_version": 0,
          "attributes": {
            "creation_timestamp": "2023-09-12T05:11:45.199-07:00",
            "description": "",
            "id": "projects/terraform-practice-392512/global/targetHttpProxies/lb-target-http-proxy",
            "name": "lb-target-http-proxy",
            "project": "terraform-practice-392512",
            "proxy_bind": false,
            "proxy_id": 8265270337842572142,
            "self_link": "https://www.googleapis.com/compute/v1/projects/terraform-practice-392512/global/targetHttpProxies/lb-target-http-proxy",
            "timeouts": null,
            "url_map": "https://www.googleapis.com/compute/v1/projects/terraform-practice-392512/global/urlMaps/lb-url-map"
          },
          "sensitive_attributes": [],
          "private": "eyJlMmJmYjczMC1lY2FhLTExZTYtOGY4OC0zNDM2M2JjN2M0YzAiOnsiY3JlYXRlIjoxMjAwMDAwMDAwMDAwLCJkZWxldGUiOjEyMDAwMDAwMDAwMDAsInVwZGF0ZSI6MTIwMDAwMDAwMDAwMH19",
          "dependencies": [
            "module.NEG.google_compute_network_endpoint_group.neg",
            "module.loadbalancer.google_compute_backend_service.default",
            "module.loadbalancer.google_compute_health_check.default",
            "module.loadbalancer.google_compute_url_map.default",
            "module.vpc.google_compute_network.vpc",
            "module.vpc.google_compute_subnetwork.private-subnets",
            "module.vpc.google_compute_subnetwork.public-subnets"
          ]
        }
      ]
    },
    {
      "module": "module.loadbalancer",
      "mode": "managed",
      "type": "google_compute_url_map",
      "name": "default",
      "provider": "provider[\"registry.terraform.io/hashicorp/google\"]",
      "instances": [
        {
          "schema_version": 0,
          "attributes": {
            "creation_timestamp": "2023-09-12T05:11:32.622-07:00",
            "default_route_action": [],
            "default_service": "https://www.googleapis.com/compute/v1/projects/terraform-practice-392512/global/backendServices/lb-backend-service",
            "default_url_redirect": [],
            "description": "",
            "fingerprint": "epFy7kLniq0=",
            "header_action": [],
            "host_rule": [],
            "id": "projects/terraform-practice-392512/global/urlMaps/lb-url-map",
            "map_id": 8780817561851653019,
            "name": "lb-url-map",
            "path_matcher": [],
            "project": "terraform-practice-392512",
            "self_link": "https://www.googleapis.com/compute/v1/projects/terraform-practice-392512/global/urlMaps/lb-url-map",
            "test": [],
            "timeouts": null
          },
          "sensitive_attributes": [],
          "private": "eyJlMmJmYjczMC1lY2FhLTExZTYtOGY4OC0zNDM2M2JjN2M0YzAiOnsiY3JlYXRlIjoxMjAwMDAwMDAwMDAwLCJkZWxldGUiOjEyMDAwMDAwMDAwMDAsInVwZGF0ZSI6MTIwMDAwMDAwMDAwMH19",
          "dependencies": [
            "module.NEG.google_compute_network_endpoint_group.neg",
            "module.loadbalancer.google_compute_backend_service.default",
            "module.loadbalancer.google_compute_health_check.default",
            "module.vpc.google_compute_network.vpc",
            "module.vpc.google_compute_subnetwork.private-subnets",
            "module.vpc.google_compute_subnetwork.public-subnets"
          ]
        }
      ]
    },
    {
      "module": "module.vpc",
      "mode": "managed",
      "type": "google_compute_firewall",
      "name": "allow-ssh",
      "provider": "module.vpc.provider[\"registry.terraform.io/hashicorp/google\"]",
      "instances": [
        {
          "schema_version": 1,
          "attributes": {
            "allow": [
              {
                "ports": [
                  "22"
                ],
                "protocol": "tcp"
              }
            ],
            "creation_timestamp": "2023-09-12T05:09:52.695-07:00",
            "deny": [],
            "description": "",
            "destination_ranges": [],
            "direction": "INGRESS",
            "disabled": false,
            "enable_logging": null,
            "id": "projects/terraform-practice-392512/global/firewalls/allow-ssh",
            "log_config": [],
            "name": "allow-ssh",
            "network": "https://www.googleapis.com/compute/v1/projects/terraform-practice-392512/global/networks/vpc-test",
            "priority": 1000,
            "project": "terraform-practice-392512",
            "self_link": "https://www.googleapis.com/compute/v1/projects/terraform-practice-392512/global/firewalls/allow-ssh",
            "source_ranges": [
              "0.0.0.0/0"
            ],
            "source_service_accounts": null,
            "source_tags": null,
            "target_service_accounts": null,
            "target_tags": null,
            "timeouts": null
          },
          "sensitive_attributes": [],
          "private": "eyJlMmJmYjczMC1lY2FhLTExZTYtOGY4OC0zNDM2M2JjN2M0YzAiOnsiY3JlYXRlIjoxMjAwMDAwMDAwMDAwLCJkZWxldGUiOjEyMDAwMDAwMDAwMDAsInVwZGF0ZSI6MTIwMDAwMDAwMDAwMH0sInNjaGVtYV92ZXJzaW9uIjoiMSJ9",
          "dependencies": [
            "module.vpc.google_compute_network.vpc"
          ]
        }
      ]
    },
    {
      "module": "module.vpc",
      "mode": "managed",
      "type": "google_compute_firewall",
      "name": "allow-tcp-pub",
      "provider": "module.vpc.provider[\"registry.terraform.io/hashicorp/google\"]",
      "instances": [
        {
          "schema_version": 1,
          "attributes": {
            "allow": [
              {
                "ports": [
                  "80"
                ],
                "protocol": "tcp"
              }
            ],
            "creation_timestamp": "2023-09-12T05:09:52.683-07:00",
            "deny": [],
            "description": "",
            "destination_ranges": [],
            "direction": "INGRESS",
            "disabled": false,
            "enable_logging": null,
            "id": "projects/terraform-practice-392512/global/firewalls/allow-tcp-pub",
            "log_config": [],
            "name": "allow-tcp-pub",
            "network": "https://www.googleapis.com/compute/v1/projects/terraform-practice-392512/global/networks/vpc-test",
            "priority": 1000,
            "project": "terraform-practice-392512",
            "self_link": "https://www.googleapis.com/compute/v1/projects/terraform-practice-392512/global/firewalls/allow-tcp-pub",
            "source_ranges": [
              "0.0.0.0/0"
            ],
            "source_service_accounts": null,
            "source_tags": null,
            "target_service_accounts": null,
            "target_tags": [
              "pub"
            ],
            "timeouts": null
          },
          "sensitive_attributes": [],
          "private": "eyJlMmJmYjczMC1lY2FhLTExZTYtOGY4OC0zNDM2M2JjN2M0YzAiOnsiY3JlYXRlIjoxMjAwMDAwMDAwMDAwLCJkZWxldGUiOjEyMDAwMDAwMDAwMDAsInVwZGF0ZSI6MTIwMDAwMDAwMDAwMH0sInNjaGVtYV92ZXJzaW9uIjoiMSJ9",
          "dependencies": [
            "module.vpc.google_compute_network.vpc"
          ]
        }
      ]
    },
    {
      "module": "module.vpc",
      "mode": "managed",
      "type": "google_compute_firewall",
      "name": "default",
      "provider": "module.vpc.provider[\"registry.terraform.io/hashicorp/google\"]",
      "instances": [
        {
          "schema_version": 1,
          "attributes": {
            "allow": [
              {
                "ports": [
                  "80"
                ],
                "protocol": "tcp"
              }
            ],
            "creation_timestamp": "2023-09-12T05:09:52.598-07:00",
            "deny": [],
            "description": "",
            "destination_ranges": [],
            "direction": "INGRESS",
            "disabled": false,
            "enable_logging": null,
            "id": "projects/terraform-practice-392512/global/firewalls/l7-xlb-fw-allow-hc",
            "log_config": [],
            "name": "l7-xlb-fw-allow-hc",
            "network": "https://www.googleapis.com/compute/v1/projects/terraform-practice-392512/global/networks/vpc-test",
            "priority": 1000,
            "project": "terraform-practice-392512",
            "self_link": "https://www.googleapis.com/compute/v1/projects/terraform-practice-392512/global/firewalls/l7-xlb-fw-allow-hc",
            "source_ranges": [
              "130.211.0.0/22",
              "35.191.0.0/16"
            ],
            "source_service_accounts": null,
            "source_tags": null,
            "target_service_accounts": null,
            "target_tags": [
              "allow-health-check"
            ],
            "timeouts": null
          },
          "sensitive_attributes": [],
          "private": "eyJlMmJmYjczMC1lY2FhLTExZTYtOGY4OC0zNDM2M2JjN2M0YzAiOnsiY3JlYXRlIjoxMjAwMDAwMDAwMDAwLCJkZWxldGUiOjEyMDAwMDAwMDAwMDAsInVwZGF0ZSI6MTIwMDAwMDAwMDAwMH0sInNjaGVtYV92ZXJzaW9uIjoiMSJ9",
          "dependencies": [
            "module.vpc.google_compute_network.vpc"
          ]
        }
      ]
    },
    {
      "module": "module.vpc",
      "mode": "managed",
      "type": "google_compute_network",
      "name": "vpc",
      "provider": "module.vpc.provider[\"registry.terraform.io/hashicorp/google\"]",
      "instances": [
        {
          "schema_version": 0,
          "attributes": {
            "auto_create_subnetworks": false,
            "delete_default_routes_on_create": false,
            "description": "",
            "enable_ula_internal_ipv6": false,
            "gateway_ipv4": "",
            "id": "projects/terraform-practice-392512/global/networks/vpc-test",
            "internal_ipv6_range": "",
            "mtu": 1460,
            "name": "vpc-test",
            "project": "terraform-practice-392512",
            "routing_mode": "REGIONAL",
            "self_link": "https://www.googleapis.com/compute/v1/projects/terraform-practice-392512/global/networks/vpc-test",
            "timeouts": null
          },
          "sensitive_attributes": [],
          "private": "eyJlMmJmYjczMC1lY2FhLTExZTYtOGY4OC0zNDM2M2JjN2M0YzAiOnsiY3JlYXRlIjoxMjAwMDAwMDAwMDAwLCJkZWxldGUiOjEyMDAwMDAwMDAwMDAsInVwZGF0ZSI6MTIwMDAwMDAwMDAwMH19"
        }
      ]
    },
    {
      "module": "module.vpc",
      "mode": "managed",
      "type": "google_compute_subnetwork",
      "name": "private-subnets",
      "provider": "module.vpc.provider[\"registry.terraform.io/hashicorp/google\"]",
      "instances": [
        {
          "index_key": 0,
          "schema_version": 0,
          "attributes": {
            "creation_timestamp": "2023-09-12T05:09:55.486-07:00",
            "description": "",
            "external_ipv6_prefix": "",
            "fingerprint": null,
            "gateway_address": "10.1.0.1",
            "id": "projects/terraform-practice-392512/regions/asia-south1/subnetworks/private-subnet-1",
            "ip_cidr_range": "10.1.0.0/28",
            "ipv6_access_type": "",
            "ipv6_cidr_range": "",
            "log_config": [],
            "name": "private-subnet-1",
            "network": "https://www.googleapis.com/compute/v1/projects/terraform-practice-392512/global/networks/vpc-test",
            "private_ip_google_access": false,
            "private_ipv6_google_access": "DISABLE_GOOGLE_ACCESS",
            "project": "terraform-practice-392512",
            "purpose": "PRIVATE",
            "region": "asia-south1",
            "role": "",
            "secondary_ip_range": [],
            "self_link": "https://www.googleapis.com/compute/v1/projects/terraform-practice-392512/regions/asia-south1/subnetworks/private-subnet-1",
            "stack_type": "IPV4_ONLY",
            "timeouts": null
          },
          "sensitive_attributes": [],
          "private": "eyJlMmJmYjczMC1lY2FhLTExZTYtOGY4OC0zNDM2M2JjN2M0YzAiOnsiY3JlYXRlIjoxMjAwMDAwMDAwMDAwLCJkZWxldGUiOjEyMDAwMDAwMDAwMDAsInVwZGF0ZSI6MTIwMDAwMDAwMDAwMH19",
          "dependencies": [
            "module.vpc.google_compute_network.vpc"
          ]
        },
        {
          "index_key": 1,
          "schema_version": 0,
          "attributes": {
            "creation_timestamp": "2023-09-12T05:09:56.290-07:00",
            "description": "",
            "external_ipv6_prefix": "",
            "fingerprint": null,
            "gateway_address": "10.1.0.17",
            "id": "projects/terraform-practice-392512/regions/asia-south1/subnetworks/private-subnet-2",
            "ip_cidr_range": "10.1.0.16/28",
            "ipv6_access_type": "",
            "ipv6_cidr_range": "",
            "log_config": [],
            "name": "private-subnet-2",
            "network": "https://www.googleapis.com/compute/v1/projects/terraform-practice-392512/global/networks/vpc-test",
            "private_ip_google_access": false,
            "private_ipv6_google_access": "DISABLE_GOOGLE_ACCESS",
            "project": "terraform-practice-392512",
            "purpose": "PRIVATE",
            "region": "asia-south1",
            "role": "",
            "secondary_ip_range": [],
            "self_link": "https://www.googleapis.com/compute/v1/projects/terraform-practice-392512/regions/asia-south1/subnetworks/private-subnet-2",
            "stack_type": "IPV4_ONLY",
            "timeouts": null
          },
          "sensitive_attributes": [],
          "private": "eyJlMmJmYjczMC1lY2FhLTExZTYtOGY4OC0zNDM2M2JjN2M0YzAiOnsiY3JlYXRlIjoxMjAwMDAwMDAwMDAwLCJkZWxldGUiOjEyMDAwMDAwMDAwMDAsInVwZGF0ZSI6MTIwMDAwMDAwMDAwMH19",
          "dependencies": [
            "module.vpc.google_compute_network.vpc"
          ]
        }
      ]
    },
    {
      "module": "module.vpc",
      "mode": "managed",
      "type": "google_compute_subnetwork",
      "name": "public-subnets",
      "provider": "module.vpc.provider[\"registry.terraform.io/hashicorp/google\"]",
      "instances": [
        {
          "index_key": 0,
          "schema_version": 0,
          "attributes": {
            "creation_timestamp": "2023-09-12T05:09:53.850-07:00",
            "description": "",
            "external_ipv6_prefix": "",
            "fingerprint": null,
            "gateway_address": "10.0.0.1",
            "id": "projects/terraform-practice-392512/regions/us-central1/subnetworks/pub-subnet-1",
            "ip_cidr_range": "10.0.0.0/24",
            "ipv6_access_type": "",
            "ipv6_cidr_range": "",
            "log_config": [],
            "name": "pub-subnet-1",
            "network": "https://www.googleapis.com/compute/v1/projects/terraform-practice-392512/global/networks/vpc-test",
            "private_ip_google_access": false,
            "private_ipv6_google_access": "DISABLE_GOOGLE_ACCESS",
            "project": "terraform-practice-392512",
            "purpose": "PRIVATE",
            "region": "us-central1",
            "role": "",
            "secondary_ip_range": [],
            "self_link": "https://www.googleapis.com/compute/v1/projects/terraform-practice-392512/regions/us-central1/subnetworks/pub-subnet-1",
            "stack_type": "IPV4_ONLY",
            "timeouts": null
          },
          "sensitive_attributes": [],
          "private": "eyJlMmJmYjczMC1lY2FhLTExZTYtOGY4OC0zNDM2M2JjN2M0YzAiOnsiY3JlYXRlIjoxMjAwMDAwMDAwMDAwLCJkZWxldGUiOjEyMDAwMDAwMDAwMDAsInVwZGF0ZSI6MTIwMDAwMDAwMDAwMH19",
          "dependencies": [
            "module.vpc.google_compute_network.vpc"
          ]
        },
        {
          "index_key": 1,
          "schema_version": 0,
          "attributes": {
            "creation_timestamp": "2023-09-12T05:09:52.756-07:00",
            "description": "",
            "external_ipv6_prefix": "",
            "fingerprint": null,
            "gateway_address": "10.0.1.1",
            "id": "projects/terraform-practice-392512/regions/us-central1/subnetworks/pub-subnet-2",
            "ip_cidr_range": "10.0.1.0/24",
            "ipv6_access_type": "",
            "ipv6_cidr_range": "",
            "log_config": [],
            "name": "pub-subnet-2",
            "network": "https://www.googleapis.com/compute/v1/projects/terraform-practice-392512/global/networks/vpc-test",
            "private_ip_google_access": false,
            "private_ipv6_google_access": "DISABLE_GOOGLE_ACCESS",
            "project": "terraform-practice-392512",
            "purpose": "PRIVATE",
            "region": "us-central1",
            "role": "",
            "secondary_ip_range": [],
            "self_link": "https://www.googleapis.com/compute/v1/projects/terraform-practice-392512/regions/us-central1/subnetworks/pub-subnet-2",
            "stack_type": "IPV4_ONLY",
            "timeouts": null
          },
          "sensitive_attributes": [],
          "private": "eyJlMmJmYjczMC1lY2FhLTExZTYtOGY4OC0zNDM2M2JjN2M0YzAiOnsiY3JlYXRlIjoxMjAwMDAwMDAwMDAwLCJkZWxldGUiOjEyMDAwMDAwMDAwMDAsInVwZGF0ZSI6MTIwMDAwMDAwMDAwMH19",
          "dependencies": [
            "module.vpc.google_compute_network.vpc"
          ]
        }
      ]
    }
  ],
  "check_results": null
}
